// !$*UTF8*$!
{
	archiveVersion = 1;
	classes = {
	};
	objectVersion = 46;
	objects = {

/* Begin PBXBuildFile section */
		8F040BA119EF60D20066F2F4 /* main.m in Sources */ = {isa = PBXBuildFile; fileRef = 8F040BA019EF60D20066F2F4 /* main.m */; };
		8F040BA419EF60D20066F2F4 /* AppDelegate.m in Sources */ = {isa = PBXBuildFile; fileRef = 8F040BA319EF60D20066F2F4 /* AppDelegate.m */; };
		8F040BA719EF60D20066F2F4 /* Groop.xcdatamodeld in Sources */ = {isa = PBXBuildFile; fileRef = 8F040BA519EF60D20066F2F4 /* Groop.xcdatamodeld */; };
		8F040BAD19EF60D20066F2F4 /* Main.storyboard in Resources */ = {isa = PBXBuildFile; fileRef = 8F040BAB19EF60D20066F2F4 /* Main.storyboard */; };
		8F040BB219EF60D20066F2F4 /* LaunchScreen.xib in Resources */ = {isa = PBXBuildFile; fileRef = 8F040BB019EF60D20066F2F4 /* LaunchScreen.xib */; };
		8F040BBE19EF60D30066F2F4 /* GroopTests.m in Sources */ = {isa = PBXBuildFile; fileRef = 8F040BBD19EF60D30066F2F4 /* GroopTests.m */; };
		8F040BC919EF62580066F2F4 /* LobbiesTableViewController.m in Sources */ = {isa = PBXBuildFile; fileRef = 8F040BC819EF62580066F2F4 /* LobbiesTableViewController.m */; };
		8F040BCC19EF66790066F2F4 /* LobbyAlbumViewController.m in Sources */ = {isa = PBXBuildFile; fileRef = 8F040BCB19EF66790066F2F4 /* LobbyAlbumViewController.m */; };
		8F040BCE19EF67370066F2F4 /* mayankwithorphans.jpeg in Resources */ = {isa = PBXBuildFile; fileRef = 8F040BCD19EF67370066F2F4 /* mayankwithorphans.jpeg */; };
		8F629B0C1A0BF7280020C0CF /* FBEventsTableViewController.m in Sources */ = {isa = PBXBuildFile; fileRef = 8F629B0B1A0BF7280020C0CF /* FBEventsTableViewController.m */; };
		8F629B0F1A0C19E00020C0CF /* CreateLobbyViewController.m in Sources */ = {isa = PBXBuildFile; fileRef = 8F629B0E1A0C19E00020C0CF /* CreateLobbyViewController.m */; };
		8F7DB1621A0D58EC008A1C7E /* CameraViewController.m in Sources */ = {isa = PBXBuildFile; fileRef = 8F7DB1611A0D58EC008A1C7E /* CameraViewController.m */; };
		8F7DB1641A0D5C28008A1C7E /* FacebookSDK.framework in Frameworks */ = {isa = PBXBuildFile; fileRef = 8F7DB1631A0D5C28008A1C7E /* FacebookSDK.framework */; };
		8F7DB1671A0D6932008A1C7E /* AVCamPreviewView.m in Sources */ = {isa = PBXBuildFile; fileRef = 8F7DB1661A0D6932008A1C7E /* AVCamPreviewView.m */; };
		8F869F321A0B220400429432 /* LoginViewController.m in Sources */ = {isa = PBXBuildFile; fileRef = 8F869F311A0B220400429432 /* LoginViewController.m */; };
		8F869F341A0B22BD00429432 /* ParseFacebookUtils.framework in Frameworks */ = {isa = PBXBuildFile; fileRef = 8F869F331A0B22BD00429432 /* ParseFacebookUtils.framework */; };
		8F9FE4BD1A0C45EE002FA17C /* groop.jpg in Resources */ = {isa = PBXBuildFile; fileRef = 8F9FE4BC1A0C45EE002FA17C /* groop.jpg */; };
		8F9FE4C01A0C5C85002FA17C /* InviteFriendsTableViewController.m in Sources */ = {isa = PBXBuildFile; fileRef = 8F9FE4BF1A0C5C85002FA17C /* InviteFriendsTableViewController.m */; };
		8FD07F711A0D6E89002BD03C /* Images.xcassets in Resources */ = {isa = PBXBuildFile; fileRef = 8FD07F701A0D6E89002BD03C /* Images.xcassets */; };
		8FD07F751A0D6FDE002BD03C /* goopIcon2x.png in Resources */ = {isa = PBXBuildFile; fileRef = 8FD07F741A0D6FDE002BD03C /* goopIcon2x.png */; };
		8FD07F771A0D7017002BD03C /* goopIcon3x.png in Resources */ = {isa = PBXBuildFile; fileRef = 8FD07F761A0D7017002BD03C /* goopIcon3x.png */; };
		8FFB4CE81A05E6A20048A5AC /* AudioToolbox.framework in Frameworks */ = {isa = PBXBuildFile; fileRef = 8FFB4CE71A05E6A20048A5AC /* AudioToolbox.framework */; };
		8FFB4CEB1A05E6D50048A5AC /* Parse.framework in Frameworks */ = {isa = PBXBuildFile; fileRef = 8FFB4CEA1A05E6D50048A5AC /* Parse.framework */; };
		8FFB4CED1A05E6E40048A5AC /* Bolts.framework in Frameworks */ = {isa = PBXBuildFile; fileRef = 8FFB4CEC1A05E6E40048A5AC /* Bolts.framework */; };
		8FFB4CEF1A05E6FC0048A5AC /* CFNetwork.framework in Frameworks */ = {isa = PBXBuildFile; fileRef = 8FFB4CEE1A05E6FC0048A5AC /* CFNetwork.framework */; };
		8FFB4CF11A05E7070048A5AC /* CoreGraphics.framework in Frameworks */ = {isa = PBXBuildFile; fileRef = 8FFB4CF01A05E7070048A5AC /* CoreGraphics.framework */; };
		8FFB4CF31A05E70D0048A5AC /* CoreLocation.framework in Frameworks */ = {isa = PBXBuildFile; fileRef = 8FFB4CF21A05E70D0048A5AC /* CoreLocation.framework */; };
		8FFB4CF51A05E7130048A5AC /* libz.dylib in Frameworks */ = {isa = PBXBuildFile; fileRef = 8FFB4CF41A05E7130048A5AC /* libz.dylib */; };
		8FFB4CF71A05E7180048A5AC /* MobileCoreServices.framework in Frameworks */ = {isa = PBXBuildFile; fileRef = 8FFB4CF61A05E7180048A5AC /* MobileCoreServices.framework */; };
		8FFB4CF91A05E71E0048A5AC /* QuartzCore.framework in Frameworks */ = {isa = PBXBuildFile; fileRef = 8FFB4CF81A05E71E0048A5AC /* QuartzCore.framework */; };
		8FFB4CFB1A05E7240048A5AC /* Security.framework in Frameworks */ = {isa = PBXBuildFile; fileRef = 8FFB4CFA1A05E7240048A5AC /* Security.framework */; };
		8FFB4CFD1A05E7290048A5AC /* StoreKit.framework in Frameworks */ = {isa = PBXBuildFile; fileRef = 8FFB4CFC1A05E7290048A5AC /* StoreKit.framework */; };
		8FFB4CFF1A05E7310048A5AC /* SystemConfiguration.framework in Frameworks */ = {isa = PBXBuildFile; fileRef = 8FFB4CFE1A05E7310048A5AC /* SystemConfiguration.framework */; };
		8FFB4D021A073A600048A5AC /* User.m in Sources */ = {isa = PBXBuildFile; fileRef = 8FFB4D011A073A600048A5AC /* User.m */; };
		8FFB4D051A0740610048A5AC /* Lobby.m in Sources */ = {isa = PBXBuildFile; fileRef = 8FFB4D041A0740610048A5AC /* Lobby.m */; };
		8FFB4D081A0740890048A5AC /* Photo.m in Sources */ = {isa = PBXBuildFile; fileRef = 8FFB4D071A0740890048A5AC /* Photo.m */; };
		8FFB4D0A1A0753D90048A5AC /* Twitter.framework in Frameworks */ = {isa = PBXBuildFile; fileRef = 8FFB4D091A0753D90048A5AC /* Twitter.framework */; };
		8FFB4D0E1A07544A0048A5AC /* Social.framework in Frameworks */ = {isa = PBXBuildFile; fileRef = 8FFB4D0D1A07544A0048A5AC /* Social.framework */; };
		8FFB4D101A0754530048A5AC /* Accounts.framework in Frameworks */ = {isa = PBXBuildFile; fileRef = 8FFB4D0F1A0754530048A5AC /* Accounts.framework */; };
/* End PBXBuildFile section */

/* Begin PBXContainerItemProxy section */
		8F040BB819EF60D30066F2F4 /* PBXContainerItemProxy */ = {
			isa = PBXContainerItemProxy;
			containerPortal = 8F040B9319EF60D20066F2F4 /* Project object */;
			proxyType = 1;
			remoteGlobalIDString = 8F040B9A19EF60D20066F2F4;
			remoteInfo = Groop;
		};
/* End PBXContainerItemProxy section */

/* Begin PBXFileReference section */
		8F040B9B19EF60D20066F2F4 /* Groop.app */ = {isa = PBXFileReference; explicitFileType = wrapper.application; includeInIndex = 0; path = Groop.app; sourceTree = BUILT_PRODUCTS_DIR; };
		8F040B9F19EF60D20066F2F4 /* Info.plist */ = {isa = PBXFileReference; lastKnownFileType = text.plist.xml; path = Info.plist; sourceTree = "<group>"; };
		8F040BA019EF60D20066F2F4 /* main.m */ = {isa = PBXFileReference; lastKnownFileType = sourcecode.c.objc; path = main.m; sourceTree = "<group>"; };
		8F040BA219EF60D20066F2F4 /* AppDelegate.h */ = {isa = PBXFileReference; lastKnownFileType = sourcecode.c.h; path = AppDelegate.h; sourceTree = "<group>"; };
		8F040BA319EF60D20066F2F4 /* AppDelegate.m */ = {isa = PBXFileReference; lastKnownFileType = sourcecode.c.objc; path = AppDelegate.m; sourceTree = "<group>"; };
		8F040BA619EF60D20066F2F4 /* Groop.xcdatamodel */ = {isa = PBXFileReference; lastKnownFileType = wrapper.xcdatamodel; path = Groop.xcdatamodel; sourceTree = "<group>"; };
		8F040BAC19EF60D20066F2F4 /* Base */ = {isa = PBXFileReference; lastKnownFileType = file.storyboard; name = Base; path = Base.lproj/Main.storyboard; sourceTree = "<group>"; };
		8F040BB119EF60D20066F2F4 /* Base */ = {isa = PBXFileReference; lastKnownFileType = file.xib; name = Base; path = Base.lproj/LaunchScreen.xib; sourceTree = "<group>"; };
		8F040BB719EF60D30066F2F4 /* GroopTests.xctest */ = {isa = PBXFileReference; explicitFileType = wrapper.cfbundle; includeInIndex = 0; path = GroopTests.xctest; sourceTree = BUILT_PRODUCTS_DIR; };
		8F040BBC19EF60D30066F2F4 /* Info.plist */ = {isa = PBXFileReference; lastKnownFileType = text.plist.xml; path = Info.plist; sourceTree = "<group>"; };
		8F040BBD19EF60D30066F2F4 /* GroopTests.m */ = {isa = PBXFileReference; lastKnownFileType = sourcecode.c.objc; path = GroopTests.m; sourceTree = "<group>"; };
		8F040BC719EF62580066F2F4 /* LobbiesTableViewController.h */ = {isa = PBXFileReference; fileEncoding = 4; lastKnownFileType = sourcecode.c.h; path = LobbiesTableViewController.h; sourceTree = "<group>"; };
		8F040BC819EF62580066F2F4 /* LobbiesTableViewController.m */ = {isa = PBXFileReference; fileEncoding = 4; lastKnownFileType = sourcecode.c.objc; path = LobbiesTableViewController.m; sourceTree = "<group>"; };
		8F040BCA19EF66790066F2F4 /* LobbyAlbumViewController.h */ = {isa = PBXFileReference; fileEncoding = 4; lastKnownFileType = sourcecode.c.h; path = LobbyAlbumViewController.h; sourceTree = "<group>"; };
		8F040BCB19EF66790066F2F4 /* LobbyAlbumViewController.m */ = {isa = PBXFileReference; fileEncoding = 4; lastKnownFileType = sourcecode.c.objc; path = LobbyAlbumViewController.m; sourceTree = "<group>"; };
		8F040BCD19EF67370066F2F4 /* mayankwithorphans.jpeg */ = {isa = PBXFileReference; lastKnownFileType = image.jpeg; path = mayankwithorphans.jpeg; sourceTree = "<group>"; };
		8F629B0A1A0BF7280020C0CF /* FBEventsTableViewController.h */ = {isa = PBXFileReference; fileEncoding = 4; lastKnownFileType = sourcecode.c.h; path = FBEventsTableViewController.h; sourceTree = "<group>"; };
		8F629B0B1A0BF7280020C0CF /* FBEventsTableViewController.m */ = {isa = PBXFileReference; fileEncoding = 4; lastKnownFileType = sourcecode.c.objc; path = FBEventsTableViewController.m; sourceTree = "<group>"; };
		8F629B0D1A0C19E00020C0CF /* CreateLobbyViewController.h */ = {isa = PBXFileReference; fileEncoding = 4; lastKnownFileType = sourcecode.c.h; path = CreateLobbyViewController.h; sourceTree = "<group>"; };
		8F629B0E1A0C19E00020C0CF /* CreateLobbyViewController.m */ = {isa = PBXFileReference; fileEncoding = 4; lastKnownFileType = sourcecode.c.objc; path = CreateLobbyViewController.m; sourceTree = "<group>"; };
		8F7DB1601A0D58EC008A1C7E /* CameraViewController.h */ = {isa = PBXFileReference; fileEncoding = 4; lastKnownFileType = sourcecode.c.h; path = CameraViewController.h; sourceTree = "<group>"; };
		8F7DB1611A0D58EC008A1C7E /* CameraViewController.m */ = {isa = PBXFileReference; fileEncoding = 4; lastKnownFileType = sourcecode.c.objc; path = CameraViewController.m; sourceTree = "<group>"; };
		8F7DB1631A0D5C28008A1C7E /* FacebookSDK.framework */ = {isa = PBXFileReference; lastKnownFileType = wrapper.framework; path = FacebookSDK.framework; sourceTree = "<group>"; };
		8F7DB1651A0D6932008A1C7E /* AVCamPreviewView.h */ = {isa = PBXFileReference; fileEncoding = 4; lastKnownFileType = sourcecode.c.h; path = AVCamPreviewView.h; sourceTree = "<group>"; };
		8F7DB1661A0D6932008A1C7E /* AVCamPreviewView.m */ = {isa = PBXFileReference; fileEncoding = 4; lastKnownFileType = sourcecode.c.objc; path = AVCamPreviewView.m; sourceTree = "<group>"; };
		8F869F301A0B220400429432 /* LoginViewController.h */ = {isa = PBXFileReference; fileEncoding = 4; lastKnownFileType = sourcecode.c.h; path = LoginViewController.h; sourceTree = "<group>"; };
		8F869F311A0B220400429432 /* LoginViewController.m */ = {isa = PBXFileReference; fileEncoding = 4; lastKnownFileType = sourcecode.c.objc; path = LoginViewController.m; sourceTree = "<group>"; };
		8F869F331A0B22BD00429432 /* ParseFacebookUtils.framework */ = {isa = PBXFileReference; lastKnownFileType = wrapper.framework; path = ParseFacebookUtils.framework; sourceTree = "<group>"; };
		8F9FE4BC1A0C45EE002FA17C /* groop.jpg */ = {isa = PBXFileReference; lastKnownFileType = image.jpeg; path = groop.jpg; sourceTree = "<group>"; };
		8F9FE4BE1A0C5C85002FA17C /* InviteFriendsTableViewController.h */ = {isa = PBXFileReference; fileEncoding = 4; lastKnownFileType = sourcecode.c.h; path = InviteFriendsTableViewController.h; sourceTree = "<group>"; };
		8F9FE4BF1A0C5C85002FA17C /* InviteFriendsTableViewController.m */ = {isa = PBXFileReference; fileEncoding = 4; lastKnownFileType = sourcecode.c.objc; path = InviteFriendsTableViewController.m; sourceTree = "<group>"; };
		8F9FE4C11A0C5E9F002FA17C /* PrefixHeader.pch */ = {isa = PBXFileReference; lastKnownFileType = sourcecode.c.h; path = PrefixHeader.pch; sourceTree = "<group>"; };
		8FD07F701A0D6E89002BD03C /* Images.xcassets */ = {isa = PBXFileReference; lastKnownFileType = folder.assetcatalog; path = Images.xcassets; sourceTree = "<group>"; };
		8FD07F741A0D6FDE002BD03C /* goopIcon2x.png */ = {isa = PBXFileReference; lastKnownFileType = image.png; path = goopIcon2x.png; sourceTree = "<group>"; };
		8FD07F761A0D7017002BD03C /* goopIcon3x.png */ = {isa = PBXFileReference; lastKnownFileType = image.png; path = goopIcon3x.png; sourceTree = "<group>"; };
		8FFB4CE71A05E6A20048A5AC /* AudioToolbox.framework */ = {isa = PBXFileReference; lastKnownFileType = wrapper.framework; name = AudioToolbox.framework; path = System/Library/Frameworks/AudioToolbox.framework; sourceTree = SDKROOT; };
		8FFB4CEA1A05E6D50048A5AC /* Parse.framework */ = {isa = PBXFileReference; lastKnownFileType = wrapper.framework; path = Parse.framework; sourceTree = "<group>"; };
		8FFB4CEC1A05E6E40048A5AC /* Bolts.framework */ = {isa = PBXFileReference; lastKnownFileType = wrapper.framework; path = Bolts.framework; sourceTree = "<group>"; };
		8FFB4CEE1A05E6FC0048A5AC /* CFNetwork.framework */ = {isa = PBXFileReference; lastKnownFileType = wrapper.framework; name = CFNetwork.framework; path = System/Library/Frameworks/CFNetwork.framework; sourceTree = SDKROOT; };
		8FFB4CF01A05E7070048A5AC /* CoreGraphics.framework */ = {isa = PBXFileReference; lastKnownFileType = wrapper.framework; name = CoreGraphics.framework; path = System/Library/Frameworks/CoreGraphics.framework; sourceTree = SDKROOT; };
		8FFB4CF21A05E70D0048A5AC /* CoreLocation.framework */ = {isa = PBXFileReference; lastKnownFileType = wrapper.framework; name = CoreLocation.framework; path = System/Library/Frameworks/CoreLocation.framework; sourceTree = SDKROOT; };
		8FFB4CF41A05E7130048A5AC /* libz.dylib */ = {isa = PBXFileReference; lastKnownFileType = "compiled.mach-o.dylib"; name = libz.dylib; path = usr/lib/libz.dylib; sourceTree = SDKROOT; };
		8FFB4CF61A05E7180048A5AC /* MobileCoreServices.framework */ = {isa = PBXFileReference; lastKnownFileType = wrapper.framework; name = MobileCoreServices.framework; path = System/Library/Frameworks/MobileCoreServices.framework; sourceTree = SDKROOT; };
		8FFB4CF81A05E71E0048A5AC /* QuartzCore.framework */ = {isa = PBXFileReference; lastKnownFileType = wrapper.framework; name = QuartzCore.framework; path = System/Library/Frameworks/QuartzCore.framework; sourceTree = SDKROOT; };
		8FFB4CFA1A05E7240048A5AC /* Security.framework */ = {isa = PBXFileReference; lastKnownFileType = wrapper.framework; name = Security.framework; path = System/Library/Frameworks/Security.framework; sourceTree = SDKROOT; };
		8FFB4CFC1A05E7290048A5AC /* StoreKit.framework */ = {isa = PBXFileReference; lastKnownFileType = wrapper.framework; name = StoreKit.framework; path = System/Library/Frameworks/StoreKit.framework; sourceTree = SDKROOT; };
		8FFB4CFE1A05E7310048A5AC /* SystemConfiguration.framework */ = {isa = PBXFileReference; lastKnownFileType = wrapper.framework; name = SystemConfiguration.framework; path = System/Library/Frameworks/SystemConfiguration.framework; sourceTree = SDKROOT; };
		8FFB4D001A073A600048A5AC /* User.h */ = {isa = PBXFileReference; fileEncoding = 4; lastKnownFileType = sourcecode.c.h; path = User.h; sourceTree = "<group>"; };
		8FFB4D011A073A600048A5AC /* User.m */ = {isa = PBXFileReference; fileEncoding = 4; lastKnownFileType = sourcecode.c.objc; path = User.m; sourceTree = "<group>"; };
		8FFB4D031A0740610048A5AC /* Lobby.h */ = {isa = PBXFileReference; fileEncoding = 4; lastKnownFileType = sourcecode.c.h; path = Lobby.h; sourceTree = "<group>"; };
		8FFB4D041A0740610048A5AC /* Lobby.m */ = {isa = PBXFileReference; fileEncoding = 4; lastKnownFileType = sourcecode.c.objc; path = Lobby.m; sourceTree = "<group>"; };
		8FFB4D061A0740890048A5AC /* Photo.h */ = {isa = PBXFileReference; fileEncoding = 4; lastKnownFileType = sourcecode.c.h; path = Photo.h; sourceTree = "<group>"; };
		8FFB4D071A0740890048A5AC /* Photo.m */ = {isa = PBXFileReference; fileEncoding = 4; lastKnownFileType = sourcecode.c.objc; path = Photo.m; sourceTree = "<group>"; };
		8FFB4D091A0753D90048A5AC /* Twitter.framework */ = {isa = PBXFileReference; lastKnownFileType = wrapper.framework; name = Twitter.framework; path = System/Library/Frameworks/Twitter.framework; sourceTree = SDKROOT; };
		8FFB4D0D1A07544A0048A5AC /* Social.framework */ = {isa = PBXFileReference; lastKnownFileType = wrapper.framework; name = Social.framework; path = System/Library/Frameworks/Social.framework; sourceTree = SDKROOT; };
		8FFB4D0F1A0754530048A5AC /* Accounts.framework */ = {isa = PBXFileReference; lastKnownFileType = wrapper.framework; name = Accounts.framework; path = System/Library/Frameworks/Accounts.framework; sourceTree = SDKROOT; };
/* End PBXFileReference section */

/* Begin PBXFrameworksBuildPhase section */
		8F040B9819EF60D20066F2F4 /* Frameworks */ = {
			isa = PBXFrameworksBuildPhase;
			buildActionMask = 2147483647;
			files = (
				8FFB4D101A0754530048A5AC /* Accounts.framework in Frameworks */,
				8FFB4D0E1A07544A0048A5AC /* Social.framework in Frameworks */,
				8FFB4D0A1A0753D90048A5AC /* Twitter.framework in Frameworks */,
				8FFB4CFF1A05E7310048A5AC /* SystemConfiguration.framework in Frameworks */,
				8FFB4CFD1A05E7290048A5AC /* StoreKit.framework in Frameworks */,
				8F869F341A0B22BD00429432 /* ParseFacebookUtils.framework in Frameworks */,
				8FFB4CFB1A05E7240048A5AC /* Security.framework in Frameworks */,
				8FFB4CF91A05E71E0048A5AC /* QuartzCore.framework in Frameworks */,
				8F7DB1641A0D5C28008A1C7E /* FacebookSDK.framework in Frameworks */,
				8FFB4CF71A05E7180048A5AC /* MobileCoreServices.framework in Frameworks */,
				8FFB4CF51A05E7130048A5AC /* libz.dylib in Frameworks */,
				8FFB4CF31A05E70D0048A5AC /* CoreLocation.framework in Frameworks */,
				8FFB4CF11A05E7070048A5AC /* CoreGraphics.framework in Frameworks */,
				8FFB4CEF1A05E6FC0048A5AC /* CFNetwork.framework in Frameworks */,
				8FFB4CED1A05E6E40048A5AC /* Bolts.framework in Frameworks */,
				8FFB4CEB1A05E6D50048A5AC /* Parse.framework in Frameworks */,
				8FFB4CE81A05E6A20048A5AC /* AudioToolbox.framework in Frameworks */,
			);
			runOnlyForDeploymentPostprocessing = 0;
		};
		8F040BB419EF60D30066F2F4 /* Frameworks */ = {
			isa = PBXFrameworksBuildPhase;
			buildActionMask = 2147483647;
			files = (
			);
			runOnlyForDeploymentPostprocessing = 0;
		};
/* End PBXFrameworksBuildPhase section */

/* Begin PBXGroup section */
		8F040B9219EF60D20066F2F4 = {
			isa = PBXGroup;
			children = (
				8F9FE4C11A0C5E9F002FA17C /* PrefixHeader.pch */,
				8FFB4CE91A05E6BA0048A5AC /* Frameworks */,
				8F040B9D19EF60D20066F2F4 /* Groop */,
				8F040BBA19EF60D30066F2F4 /* GroopTests */,
				8F040B9C19EF60D20066F2F4 /* Products */,
			);
			sourceTree = "<group>";
		};
		8F040B9C19EF60D20066F2F4 /* Products */ = {
			isa = PBXGroup;
			children = (
				8F040B9B19EF60D20066F2F4 /* Groop.app */,
				8F040BB719EF60D30066F2F4 /* GroopTests.xctest */,
			);
			name = Products;
			sourceTree = "<group>";
		};
		8F040B9D19EF60D20066F2F4 /* Groop */ = {
			isa = PBXGroup;
			children = (
				8F7DB1651A0D6932008A1C7E /* AVCamPreviewView.h */,
				8F7DB1661A0D6932008A1C7E /* AVCamPreviewView.m */,
				8F040BCD19EF67370066F2F4 /* mayankwithorphans.jpeg */,
				8F040BA219EF60D20066F2F4 /* AppDelegate.h */,
				8F040BA319EF60D20066F2F4 /* AppDelegate.m */,
				8F040BAB19EF60D20066F2F4 /* Main.storyboard */,
				8F7DB1601A0D58EC008A1C7E /* CameraViewController.h */,
				8F7DB1611A0D58EC008A1C7E /* CameraViewController.m */,
				8F9FE4BE1A0C5C85002FA17C /* InviteFriendsTableViewController.h */,
				8F9FE4BF1A0C5C85002FA17C /* InviteFriendsTableViewController.m */,
				8F629B0D1A0C19E00020C0CF /* CreateLobbyViewController.h */,
				8F629B0E1A0C19E00020C0CF /* CreateLobbyViewController.m */,
				8F869F301A0B220400429432 /* LoginViewController.h */,
				8F869F311A0B220400429432 /* LoginViewController.m */,
				8F040BCA19EF66790066F2F4 /* LobbyAlbumViewController.h */,
				8F040BCB19EF66790066F2F4 /* LobbyAlbumViewController.m */,
				8F629B0A1A0BF7280020C0CF /* FBEventsTableViewController.h */,
				8F629B0B1A0BF7280020C0CF /* FBEventsTableViewController.m */,
				8F040BC719EF62580066F2F4 /* LobbiesTableViewController.h */,
				8F040BC819EF62580066F2F4 /* LobbiesTableViewController.m */,
				8FFB4D001A073A600048A5AC /* User.h */,
				8FFB4D011A073A600048A5AC /* User.m */,
				8FFB4D031A0740610048A5AC /* Lobby.h */,
				8FFB4D041A0740610048A5AC /* Lobby.m */,
				8FFB4D061A0740890048A5AC /* Photo.h */,
				8FFB4D071A0740890048A5AC /* Photo.m */,
				8FD07F741A0D6FDE002BD03C /* goopIcon2x.png */,
				8FD07F761A0D7017002BD03C /* goopIcon3x.png */,
				8FD07F701A0D6E89002BD03C /* Images.xcassets */,
				8F9FE4BC1A0C45EE002FA17C /* groop.jpg */,
				8F040BB019EF60D20066F2F4 /* LaunchScreen.xib */,
				8F040BA519EF60D20066F2F4 /* Groop.xcdatamodeld */,
				8F040B9E19EF60D20066F2F4 /* Supporting Files */,
			);
			path = Groop;
			sourceTree = "<group>";
		};
		8F040B9E19EF60D20066F2F4 /* Supporting Files */ = {
			isa = PBXGroup;
			children = (
				8F040B9F19EF60D20066F2F4 /* Info.plist */,
				8F040BA019EF60D20066F2F4 /* main.m */,
			);
			name = "Supporting Files";
			sourceTree = "<group>";
		};
		8F040BBA19EF60D30066F2F4 /* GroopTests */ = {
			isa = PBXGroup;
			children = (
				8F040BBD19EF60D30066F2F4 /* GroopTests.m */,
				8F040BBB19EF60D30066F2F4 /* Supporting Files */,
			);
			path = GroopTests;
			sourceTree = "<group>";
		};
		8F040BBB19EF60D30066F2F4 /* Supporting Files */ = {
			isa = PBXGroup;
			children = (
				8F040BBC19EF60D30066F2F4 /* Info.plist */,
			);
			name = "Supporting Files";
			sourceTree = "<group>";
		};
		8FFB4CE91A05E6BA0048A5AC /* Frameworks */ = {
			isa = PBXGroup;
			children = (
				8F7DB1631A0D5C28008A1C7E /* FacebookSDK.framework */,
				8F869F331A0B22BD00429432 /* ParseFacebookUtils.framework */,
				8FFB4D0F1A0754530048A5AC /* Accounts.framework */,
				8FFB4D0D1A07544A0048A5AC /* Social.framework */,
				8FFB4D091A0753D90048A5AC /* Twitter.framework */,
				8FFB4CFE1A05E7310048A5AC /* SystemConfiguration.framework */,
				8FFB4CFC1A05E7290048A5AC /* StoreKit.framework */,
				8FFB4CFA1A05E7240048A5AC /* Security.framework */,
				8FFB4CF81A05E71E0048A5AC /* QuartzCore.framework */,
				8FFB4CF61A05E7180048A5AC /* MobileCoreServices.framework */,
				8FFB4CF41A05E7130048A5AC /* libz.dylib */,
				8FFB4CF21A05E70D0048A5AC /* CoreLocation.framework */,
				8FFB4CF01A05E7070048A5AC /* CoreGraphics.framework */,
				8FFB4CEE1A05E6FC0048A5AC /* CFNetwork.framework */,
				8FFB4CEC1A05E6E40048A5AC /* Bolts.framework */,
				8FFB4CEA1A05E6D50048A5AC /* Parse.framework */,
				8FFB4CE71A05E6A20048A5AC /* AudioToolbox.framework */,
			);
			name = Frameworks;
			sourceTree = "<group>";
		};
/* End PBXGroup section */

/* Begin PBXNativeTarget section */
		8F040B9A19EF60D20066F2F4 /* Groop */ = {
			isa = PBXNativeTarget;
			buildConfigurationList = 8F040BC119EF60D30066F2F4 /* Build configuration list for PBXNativeTarget "Groop" */;
			buildPhases = (
				8F040B9719EF60D20066F2F4 /* Sources */,
				8F040B9819EF60D20066F2F4 /* Frameworks */,
				8F040B9919EF60D20066F2F4 /* Resources */,
			);
			buildRules = (
			);
			dependencies = (
			);
			name = Groop;
			productName = Groop;
			productReference = 8F040B9B19EF60D20066F2F4 /* Groop.app */;
			productType = "com.apple.product-type.application";
		};
		8F040BB619EF60D30066F2F4 /* GroopTests */ = {
			isa = PBXNativeTarget;
			buildConfigurationList = 8F040BC419EF60D30066F2F4 /* Build configuration list for PBXNativeTarget "GroopTests" */;
			buildPhases = (
				8F040BB319EF60D30066F2F4 /* Sources */,
				8F040BB419EF60D30066F2F4 /* Frameworks */,
				8F040BB519EF60D30066F2F4 /* Resources */,
			);
			buildRules = (
			);
			dependencies = (
				8F040BB919EF60D30066F2F4 /* PBXTargetDependency */,
			);
			name = GroopTests;
			productName = GroopTests;
			productReference = 8F040BB719EF60D30066F2F4 /* GroopTests.xctest */;
			productType = "com.apple.product-type.bundle.unit-test";
		};
/* End PBXNativeTarget section */

/* Begin PBXProject section */
		8F040B9319EF60D20066F2F4 /* Project object */ = {
			isa = PBXProject;
			attributes = {
				LastUpgradeCheck = 0600;
				ORGANIZATIONNAME = "Mayank Jain";
				TargetAttributes = {
					8F040B9A19EF60D20066F2F4 = {
						CreatedOnToolsVersion = 6.0.1;
						DevelopmentTeam = 9C8EQ3DGNG;
					};
					8F040BB619EF60D30066F2F4 = {
						CreatedOnToolsVersion = 6.0.1;
						TestTargetID = 8F040B9A19EF60D20066F2F4;
					};
				};
			};
			buildConfigurationList = 8F040B9619EF60D20066F2F4 /* Build configuration list for PBXProject "Groop" */;
			compatibilityVersion = "Xcode 3.2";
			developmentRegion = English;
			hasScannedForEncodings = 0;
			knownRegions = (
				en,
				Base,
				he,
			);
			mainGroup = 8F040B9219EF60D20066F2F4;
			productRefGroup = 8F040B9C19EF60D20066F2F4 /* Products */;
			projectDirPath = "";
			projectRoot = "";
			targets = (
				8F040B9A19EF60D20066F2F4 /* Groop */,
				8F040BB619EF60D30066F2F4 /* GroopTests */,
			);
		};
/* End PBXProject section */

/* Begin PBXResourcesBuildPhase section */
		8F040B9919EF60D20066F2F4 /* Resources */ = {
			isa = PBXResourcesBuildPhase;
			buildActionMask = 2147483647;
			files = (
				8F040BAD19EF60D20066F2F4 /* Main.storyboard in Resources */,
				8FD07F711A0D6E89002BD03C /* Images.xcassets in Resources */,
				8F040BB219EF60D20066F2F4 /* LaunchScreen.xib in Resources */,
				8F040BCE19EF67370066F2F4 /* mayankwithorphans.jpeg in Resources */,
				8FD07F771A0D7017002BD03C /* goopIcon3x.png in Resources */,
				8F9FE4BD1A0C45EE002FA17C /* groop.jpg in Resources */,
				8FD07F751A0D6FDE002BD03C /* goopIcon2x.png in Resources */,
			);
			runOnlyForDeploymentPostprocessing = 0;
		};
		8F040BB519EF60D30066F2F4 /* Resources */ = {
			isa = PBXResourcesBuildPhase;
			buildActionMask = 2147483647;
			files = (
			);
			runOnlyForDeploymentPostprocessing = 0;
		};
/* End PBXResourcesBuildPhase section */

/* Begin PBXSourcesBuildPhase section */
		8F040B9719EF60D20066F2F4 /* Sources */ = {
			isa = PBXSourcesBuildPhase;
			buildActionMask = 2147483647;
			files = (
				8F040BA419EF60D20066F2F4 /* AppDelegate.m in Sources */,
				8FFB4D021A073A600048A5AC /* User.m in Sources */,
				8FFB4D051A0740610048A5AC /* Lobby.m in Sources */,
				8F9FE4C01A0C5C85002FA17C /* InviteFriendsTableViewController.m in Sources */,
				8FFB4D081A0740890048A5AC /* Photo.m in Sources */,
				8F7DB1621A0D58EC008A1C7E /* CameraViewController.m in Sources */,
				8F869F321A0B220400429432 /* LoginViewController.m in Sources */,
				8F629B0C1A0BF7280020C0CF /* FBEventsTableViewController.m in Sources */,
				8F040BA119EF60D20066F2F4 /* main.m in Sources */,
				8F040BCC19EF66790066F2F4 /* LobbyAlbumViewController.m in Sources */,
				8F629B0F1A0C19E00020C0CF /* CreateLobbyViewController.m in Sources */,
				8F040BC919EF62580066F2F4 /* LobbiesTableViewController.m in Sources */,
				8F040BA719EF60D20066F2F4 /* Groop.xcdatamodeld in Sources */,
				8F7DB1671A0D6932008A1C7E /* AVCamPreviewView.m in Sources */,
			);
			runOnlyForDeploymentPostprocessing = 0;
		};
		8F040BB319EF60D30066F2F4 /* Sources */ = {
			isa = PBXSourcesBuildPhase;
			buildActionMask = 2147483647;
			files = (
				8F040BBE19EF60D30066F2F4 /* GroopTests.m in Sources */,
			);
			runOnlyForDeploymentPostprocessing = 0;
		};
/* End PBXSourcesBuildPhase section */

/* Begin PBXTargetDependency section */
		8F040BB919EF60D30066F2F4 /* PBXTargetDependency */ = {
			isa = PBXTargetDependency;
			target = 8F040B9A19EF60D20066F2F4 /* Groop */;
			targetProxy = 8F040BB819EF60D30066F2F4 /* PBXContainerItemProxy */;
		};
/* End PBXTargetDependency section */

/* Begin PBXVariantGroup section */
		8F040BAB19EF60D20066F2F4 /* Main.storyboard */ = {
			isa = PBXVariantGroup;
			children = (
				8F040BAC19EF60D20066F2F4 /* Base */,
			);
			name = Main.storyboard;
			sourceTree = "<group>";
		};
		8F040BB019EF60D20066F2F4 /* LaunchScreen.xib */ = {
			isa = PBXVariantGroup;
			children = (
				8F040BB119EF60D20066F2F4 /* Base */,
			);
			name = LaunchScreen.xib;
			sourceTree = "<group>";
		};
/* End PBXVariantGroup section */

/* Begin XCBuildConfiguration section */
		8F040BBF19EF60D30066F2F4 /* Debug */ = {
			isa = XCBuildConfiguration;
			buildSettings = {
				ALWAYS_SEARCH_USER_PATHS = NO;
				CLANG_CXX_LANGUAGE_STANDARD = "gnu++0x";
				CLANG_CXX_LIBRARY = "libc++";
				CLANG_ENABLE_MODULES = YES;
				CLANG_ENABLE_OBJC_ARC = YES;
				CLANG_WARN_BOOL_CONVERSION = YES;
				CLANG_WARN_CONSTANT_CONVERSION = YES;
				CLANG_WARN_DIRECT_OBJC_ISA_USAGE = YES_ERROR;
				CLANG_WARN_EMPTY_BODY = YES;
				CLANG_WARN_ENUM_CONVERSION = YES;
				CLANG_WARN_INT_CONVERSION = YES;
				CLANG_WARN_OBJC_ROOT_CLASS = YES_ERROR;
				CLANG_WARN_UNREACHABLE_CODE = YES;
				CLANG_WARN__DUPLICATE_METHOD_MATCH = YES;
				"CODE_SIGN_IDENTITY[sdk=iphoneos*]" = "iPhone Developer";
				COPY_PHASE_STRIP = NO;
				ENABLE_STRICT_OBJC_MSGSEND = YES;
				GCC_C_LANGUAGE_STANDARD = gnu99;
				GCC_DYNAMIC_NO_PIC = NO;
				GCC_OPTIMIZATION_LEVEL = 0;
				GCC_PREPROCESSOR_DEFINITIONS = (
					"DEBUG=1",
					"$(inherited)",
				);
				GCC_SYMBOLS_PRIVATE_EXTERN = NO;
				GCC_WARN_64_TO_32_BIT_CONVERSION = YES;
				GCC_WARN_ABOUT_RETURN_TYPE = YES_ERROR;
				GCC_WARN_UNDECLARED_SELECTOR = YES;
				GCC_WARN_UNINITIALIZED_AUTOS = YES_AGGRESSIVE;
				GCC_WARN_UNUSED_FUNCTION = YES;
				GCC_WARN_UNUSED_VARIABLE = YES;
				IPHONEOS_DEPLOYMENT_TARGET = 8.0;
				MTL_ENABLE_DEBUG_INFO = YES;
				ONLY_ACTIVE_ARCH = YES;
				SDKROOT = iphoneos;
			};
			name = Debug;
		};
		8F040BC019EF60D30066F2F4 /* Release */ = {
			isa = XCBuildConfiguration;
			buildSettings = {
				ALWAYS_SEARCH_USER_PATHS = NO;
				CLANG_CXX_LANGUAGE_STANDARD = "gnu++0x";
				CLANG_CXX_LIBRARY = "libc++";
				CLANG_ENABLE_MODULES = YES;
				CLANG_ENABLE_OBJC_ARC = YES;
				CLANG_WARN_BOOL_CONVERSION = YES;
				CLANG_WARN_CONSTANT_CONVERSION = YES;
				CLANG_WARN_DIRECT_OBJC_ISA_USAGE = YES_ERROR;
				CLANG_WARN_EMPTY_BODY = YES;
				CLANG_WARN_ENUM_CONVERSION = YES;
				CLANG_WARN_INT_CONVERSION = YES;
				CLANG_WARN_OBJC_ROOT_CLASS = YES_ERROR;
				CLANG_WARN_UNREACHABLE_CODE = YES;
				CLANG_WARN__DUPLICATE_METHOD_MATCH = YES;
				"CODE_SIGN_IDENTITY[sdk=iphoneos*]" = "iPhone Developer";
				COPY_PHASE_STRIP = YES;
				ENABLE_NS_ASSERTIONS = NO;
				ENABLE_STRICT_OBJC_MSGSEND = YES;
				GCC_C_LANGUAGE_STANDARD = gnu99;
				GCC_WARN_64_TO_32_BIT_CONVERSION = YES;
				GCC_WARN_ABOUT_RETURN_TYPE = YES_ERROR;
				GCC_WARN_UNDECLARED_SELECTOR = YES;
				GCC_WARN_UNINITIALIZED_AUTOS = YES_AGGRESSIVE;
				GCC_WARN_UNUSED_FUNCTION = YES;
				GCC_WARN_UNUSED_VARIABLE = YES;
				IPHONEOS_DEPLOYMENT_TARGET = 8.0;
				MTL_ENABLE_DEBUG_INFO = NO;
				SDKROOT = iphoneos;
				VALIDATE_PRODUCT = YES;
			};
			name = Release;
		};
		8F040BC219EF60D30066F2F4 /* Debug */ = {
			isa = XCBuildConfiguration;
			buildSettings = {
				ASSETCATALOG_COMPILER_APPICON_NAME = AppIcon;
				CODE_SIGN_IDENTITY = "iPhone Developer: Mayank Jain (7UKHNS66GK)";
				FRAMEWORK_SEARCH_PATHS = (
					"$(inherited)",
					"$(PROJECT_DIR)",
					/Users/mjmayank/Documents/FacebookSDK,
					/Users/mjmayank/Documents/FacebookSDK/FBAudienceNetwork,
				);
				GCC_PREFIX_HEADER = PrefixHeader.pch;
				INFOPLIST_FILE = Groop/Info.plist;
				IPHONEOS_DEPLOYMENT_TARGET = 8.1;
				LD_RUNPATH_SEARCH_PATHS = "$(inherited) @executable_path/Frameworks";
				OTHER_LDFLAGS = "";
				PRODUCT_NAME = "$(TARGET_NAME)";
			};
			name = Debug;
		};
		8F040BC319EF60D30066F2F4 /* Release */ = {
			isa = XCBuildConfiguration;
			buildSettings = {
				ASSETCATALOG_COMPILER_APPICON_NAME = AppIcon;
				CODE_SIGN_IDENTITY = "iPhone Developer: Mayank Jain (7UKHNS66GK)";
				FRAMEWORK_SEARCH_PATHS = (
					"$(inherited)",
					"$(PROJECT_DIR)",
					/Users/mjmayank/Documents/FacebookSDK,
					/Users/mjmayank/Documents/FacebookSDK/FBAudienceNetwork,
				);
				GCC_PREFIX_HEADER = PrefixHeader.pch;
				INFOPLIST_FILE = Groop/Info.plist;
				IPHONEOS_DEPLOYMENT_TARGET = 8.1;
				LD_RUNPATH_SEARCH_PATHS = "$(inherited) @executable_path/Frameworks";
				OTHER_LDFLAGS = "";
				PRODUCT_NAME = "$(TARGET_NAME)";
			};
			name = Release;
		};
		8F040BC519EF60D30066F2F4 /* Debug */ = {
			isa = XCBuildConfiguration;
			buildSettings = {
				BUNDLE_LOADER = "$(TEST_HOST)";
				FRAMEWORK_SEARCH_PATHS = (
					"$(SDKROOT)/Developer/Library/Frameworks",
					"$(inherited)",
				);
				GCC_PREPROCESSOR_DEFINITIONS = (
					"DEBUG=1",
					"$(inherited)",
				);
				INFOPLIST_FILE = GroopTests/Info.plist;
				LD_RUNPATH_SEARCH_PATHS = "$(inherited) @executable_path/Frameworks @loader_path/Frameworks";
				PRODUCT_NAME = "$(TARGET_NAME)";
				TEST_HOST = "$(BUILT_PRODUCTS_DIR)/Groop.app/Groop";
			};
			name = Debug;
		};
		8F040BC619EF60D30066F2F4 /* Release */ = {
			isa = XCBuildConfiguration;
			buildSettings = {
				BUNDLE_LOADER = "$(TEST_HOST)";
				FRAMEWORK_SEARCH_PATHS = (
					"$(SDKROOT)/Developer/Library/Frameworks",
					"$(inherited)",
				);
				INFOPLIST_FILE = GroopTests/Info.plist;
				LD_RUNPATH_SEARCH_PATHS = "$(inherited) @executable_path/Frameworks @loader_path/Frameworks";
				PRODUCT_NAME = "$(TARGET_NAME)";
				TEST_HOST = "$(BUILT_PRODUCTS_DIR)/Groop.app/Groop";
			};
			name = Release;
		};
/* End XCBuildConfiguration section */

/* Begin XCConfigurationList section */
		8F040B9619EF60D20066F2F4 /* Build configuration list for PBXProject "Groop" */ = {
			isa = XCConfigurationList;
			buildConfigurations = (
				8F040BBF19EF60D30066F2F4 /* Debug */,
				8F040BC019EF60D30066F2F4 /* Release */,
			);
			defaultConfigurationIsVisible = 0;
			defaultConfigurationName = Release;
		};
		8F040BC119EF60D30066F2F4 /* Build configuration list for PBXNativeTarget "Groop" */ = {
			isa = XCConfigurationList;
			buildConfigurations = (
				8F040BC219EF60D30066F2F4 /* Debug */,
				8F040BC319EF60D30066F2F4 /* Release */,
			);
			defaultConfigurationIsVisible = 0;
			defaultConfigurationName = Release;
		};
		8F040BC419EF60D30066F2F4 /* Build configuration list for PBXNativeTarget "GroopTests" */ = {
			isa = XCConfigurationList;
			buildConfigurations = (
				8F040BC519EF60D30066F2F4 /* Debug */,
				8F040BC619EF60D30066F2F4 /* Release */,
			);
			defaultConfigurationIsVisible = 0;
			defaultConfigurationName = Release;
		};
/* End XCConfigurationList section */

/* Begin XCVersionGroup section */
		8F040BA519EF60D20066F2F4 /* Groop.xcdatamodeld */ = {
			isa = XCVersionGroup;
			children = (
				8F040BA619EF60D20066F2F4 /* Groop.xcdatamodel */,
			);
			currentVersion = 8F040BA619EF60D20066F2F4 /* Groop.xcdatamodel */;
			path = Groop.xcdatamodeld;
			sourceTree = "<group>";
			versionGroupType = wrapper.xcdatamodel;
		};
/* End XCVersionGroup section */
	};
	rootObject = 8F040B9319EF60D20066F2F4 /* Project object */;
}
