// !$*UTF8*$!
{
	archiveVersion = 1;
	classes = {
	};
	objectVersion = 46;
	objects = {

/* Begin PBXBuildFile section */
		8F040BA119EF60D20066F2F4 /* main.m in Sources */ = {isa = PBXBuildFile; fileRef = 8F040BA019EF60D20066F2F4 /* main.m */; };
		8F040BA419EF60D20066F2F4 /* AppDelegate.m in Sources */ = {isa = PBXBuildFile; fileRef = 8F040BA319EF60D20066F2F4 /* AppDelegate.m */; };
		8F040BA719EF60D20066F2F4 /* Groop.xcdatamodeld in Sources */ = {isa = PBXBuildFile; fileRef = 8F040BA519EF60D20066F2F4 /* Groop.xcdatamodeld */; };
		8F040BAD19EF60D20066F2F4 /* Main.storyboard in Resources */ = {isa = PBXBuildFile; fileRef = 8F040BAB19EF60D20066F2F4 /* Main.storyboard */; };
		8F040BB219EF60D20066F2F4 /* LaunchScreen.xib in Resources */ = {isa = PBXBuildFile; fileRef = 8F040BB019EF60D20066F2F4 /* LaunchScreen.xib */; };
		8F040BBE19EF60D30066F2F4 /* GroopTests.m in Sources */ = {isa = PBXBuildFile; fileRef = 8F040BBD19EF60D30066F2F4 /* GroopTests.m */; };
		8F040BC919EF62580066F2F4 /* LobbiesTableViewController.m in Sources */ = {isa = PBXBuildFile; fileRef = 8F040BC819EF62580066F2F4 /* LobbiesTableViewController.m */; };
		8F040BCC19EF66790066F2F4 /* LobbyAlbumViewController.m in Sources */ = {isa = PBXBuildFile; fileRef = 8F040BCB19EF66790066F2F4 /* LobbyAlbumViewController.m */; };
		8F1188E01A0EFF7D00873865 /* MWCaptionView.m in Sources */ = {isa = PBXBuildFile; fileRef = 8F1188841A0EFF7D00873865 /* MWCaptionView.m */; };
		8F1188E11A0EFF7D00873865 /* MWGridCell.m in Sources */ = {isa = PBXBuildFile; fileRef = 8F1188871A0EFF7D00873865 /* MWGridCell.m */; };
		8F1188E21A0EFF7D00873865 /* MWGridViewController.m in Sources */ = {isa = PBXBuildFile; fileRef = 8F1188891A0EFF7D00873865 /* MWGridViewController.m */; };
		8F1188E31A0EFF7D00873865 /* MWPhoto.m in Sources */ = {isa = PBXBuildFile; fileRef = 8F11888B1A0EFF7D00873865 /* MWPhoto.m */; };
		8F1188E41A0EFF7D00873865 /* MWPhotoBrowser.m in Sources */ = {isa = PBXBuildFile; fileRef = 8F11888D1A0EFF7D00873865 /* MWPhotoBrowser.m */; };
		8F1188E51A0EFF7D00873865 /* MWTapDetectingImageView.m in Sources */ = {isa = PBXBuildFile; fileRef = 8F1188911A0EFF7D00873865 /* MWTapDetectingImageView.m */; };
		8F1188E61A0EFF7D00873865 /* MWTapDetectingView.m in Sources */ = {isa = PBXBuildFile; fileRef = 8F1188931A0EFF7D00873865 /* MWTapDetectingView.m */; };
		8F1188E71A0EFF7D00873865 /* MWZoomingScrollView.m in Sources */ = {isa = PBXBuildFile; fileRef = 8F1188951A0EFF7D00873865 /* MWZoomingScrollView.m */; };
		8F1188E81A0EFF7D00873865 /* DACircularProgressView.m in Sources */ = {isa = PBXBuildFile; fileRef = 8F1188991A0EFF7D00873865 /* DACircularProgressView.m */; };
		8F1188E91A0EFF7D00873865 /* MBProgressHUD.m in Sources */ = {isa = PBXBuildFile; fileRef = 8F11889C1A0EFF7D00873865 /* MBProgressHUD.m */; };
		8F1188EB1A0EFF7D00873865 /* NSIndexPath+PSTCollectionViewAdditions.m in Sources */ = {isa = PBXBuildFile; fileRef = 8F1188A01A0EFF7D00873865 /* NSIndexPath+PSTCollectionViewAdditions.m */; };
		8F1188EC1A0EFF7D00873865 /* PSTCollectionView.m in Sources */ = {isa = PBXBuildFile; fileRef = 8F1188A21A0EFF7D00873865 /* PSTCollectionView.m */; };
		8F1188ED1A0EFF7D00873865 /* PSTCollectionViewCell.m in Sources */ = {isa = PBXBuildFile; fileRef = 8F1188A41A0EFF7D00873865 /* PSTCollectionViewCell.m */; };
		8F1188EE1A0EFF7D00873865 /* PSTCollectionViewController.m in Sources */ = {isa = PBXBuildFile; fileRef = 8F1188A71A0EFF7D00873865 /* PSTCollectionViewController.m */; };
		8F1188EF1A0EFF7D00873865 /* PSTCollectionViewData.m in Sources */ = {isa = PBXBuildFile; fileRef = 8F1188A91A0EFF7D00873865 /* PSTCollectionViewData.m */; };
		8F1188F01A0EFF7D00873865 /* PSTCollectionViewFlowLayout.m in Sources */ = {isa = PBXBuildFile; fileRef = 8F1188AB1A0EFF7D00873865 /* PSTCollectionViewFlowLayout.m */; };
		8F1188F11A0EFF7D00873865 /* PSTCollectionViewItemKey.m in Sources */ = {isa = PBXBuildFile; fileRef = 8F1188AD1A0EFF7D00873865 /* PSTCollectionViewItemKey.m */; };
		8F1188F21A0EFF7D00873865 /* PSTCollectionViewLayout.m in Sources */ = {isa = PBXBuildFile; fileRef = 8F1188B01A0EFF7D00873865 /* PSTCollectionViewLayout.m */; };
		8F1188F31A0EFF7D00873865 /* PSTCollectionViewUpdateItem.m in Sources */ = {isa = PBXBuildFile; fileRef = 8F1188B21A0EFF7D00873865 /* PSTCollectionViewUpdateItem.m */; };
		8F1188F41A0EFF7D00873865 /* PSTGridLayoutInfo.m in Sources */ = {isa = PBXBuildFile; fileRef = 8F1188B41A0EFF7D00873865 /* PSTGridLayoutInfo.m */; };
		8F1188F51A0EFF7D00873865 /* PSTGridLayoutItem.m in Sources */ = {isa = PBXBuildFile; fileRef = 8F1188B61A0EFF7D00873865 /* PSTGridLayoutItem.m */; };
		8F1188F61A0EFF7D00873865 /* PSTGridLayoutRow.m in Sources */ = {isa = PBXBuildFile; fileRef = 8F1188B81A0EFF7D00873865 /* PSTGridLayoutRow.m */; };
		8F1188F71A0EFF7D00873865 /* PSTGridLayoutSection.m in Sources */ = {isa = PBXBuildFile; fileRef = 8F1188BA1A0EFF7D00873865 /* PSTGridLayoutSection.m */; };
		8F1188F81A0EFF7D00873865 /* LICENSE in Resources */ = {isa = PBXBuildFile; fileRef = 8F1188BC1A0EFF7D00873865 /* LICENSE */; };
		8F1188FA1A0EFF7D00873865 /* MKAnnotationView+WebCache.m in Sources */ = {isa = PBXBuildFile; fileRef = 8F1188C01A0EFF7D00873865 /* MKAnnotationView+WebCache.m */; };
		8F1188FB1A0EFF7D00873865 /* NSData+ImageContentType.m in Sources */ = {isa = PBXBuildFile; fileRef = 8F1188C21A0EFF7D00873865 /* NSData+ImageContentType.m */; };
		8F1188FC1A0EFF7D00873865 /* SDImageCache.m in Sources */ = {isa = PBXBuildFile; fileRef = 8F1188C41A0EFF7D00873865 /* SDImageCache.m */; };
		8F1188FD1A0EFF7D00873865 /* SDWebImageCompat.m in Sources */ = {isa = PBXBuildFile; fileRef = 8F1188C61A0EFF7D00873865 /* SDWebImageCompat.m */; };
		8F1188FE1A0EFF7D00873865 /* SDWebImageDecoder.m in Sources */ = {isa = PBXBuildFile; fileRef = 8F1188C81A0EFF7D00873865 /* SDWebImageDecoder.m */; };
		8F1188FF1A0EFF7D00873865 /* SDWebImageDownloader.m in Sources */ = {isa = PBXBuildFile; fileRef = 8F1188CA1A0EFF7D00873865 /* SDWebImageDownloader.m */; };
		8F1189001A0EFF7D00873865 /* SDWebImageDownloaderOperation.m in Sources */ = {isa = PBXBuildFile; fileRef = 8F1188CC1A0EFF7D00873865 /* SDWebImageDownloaderOperation.m */; };
		8F1189011A0EFF7D00873865 /* SDWebImageManager.m in Sources */ = {isa = PBXBuildFile; fileRef = 8F1188CE1A0EFF7D00873865 /* SDWebImageManager.m */; };
		8F1189021A0EFF7D00873865 /* SDWebImagePrefetcher.m in Sources */ = {isa = PBXBuildFile; fileRef = 8F1188D11A0EFF7D00873865 /* SDWebImagePrefetcher.m */; };
		8F1189031A0EFF7D00873865 /* UIButton+WebCache.m in Sources */ = {isa = PBXBuildFile; fileRef = 8F1188D31A0EFF7D00873865 /* UIButton+WebCache.m */; };
		8F1189041A0EFF7D00873865 /* UIImage+GIF.m in Sources */ = {isa = PBXBuildFile; fileRef = 8F1188D51A0EFF7D00873865 /* UIImage+GIF.m */; };
		8F1189051A0EFF7D00873865 /* UIImage+MultiFormat.m in Sources */ = {isa = PBXBuildFile; fileRef = 8F1188D71A0EFF7D00873865 /* UIImage+MultiFormat.m */; };
		8F1189061A0EFF7D00873865 /* UIImage+WebP.m in Sources */ = {isa = PBXBuildFile; fileRef = 8F1188D91A0EFF7D00873865 /* UIImage+WebP.m */; };
		8F1189071A0EFF7D00873865 /* UIImageView+HighlightedWebCache.m in Sources */ = {isa = PBXBuildFile; fileRef = 8F1188DB1A0EFF7D00873865 /* UIImageView+HighlightedWebCache.m */; };
		8F1189081A0EFF7D00873865 /* UIImageView+WebCache.m in Sources */ = {isa = PBXBuildFile; fileRef = 8F1188DD1A0EFF7D00873865 /* UIImageView+WebCache.m */; };
		8F1189091A0EFF7D00873865 /* UIView+WebCacheOperation.m in Sources */ = {isa = PBXBuildFile; fileRef = 8F1188DF1A0EFF7D00873865 /* UIView+WebCacheOperation.m */; };
		8F11890B1A0EFF8700873865 /* MWPhotoBrowser.bundle in Resources */ = {isa = PBXBuildFile; fileRef = 8F11890A1A0EFF8700873865 /* MWPhotoBrowser.bundle */; };
		8F11890D1A0F02A500873865 /* AssetsLibrary.framework in Frameworks */ = {isa = PBXBuildFile; fileRef = 8F11890C1A0F02A500873865 /* AssetsLibrary.framework */; };
		8F11890F1A0F02AE00873865 /* ImageIO.framework in Frameworks */ = {isa = PBXBuildFile; fileRef = 8F11890E1A0F02AE00873865 /* ImageIO.framework */; };
		8F1189111A0F02B500873865 /* MessageUI.framework in Frameworks */ = {isa = PBXBuildFile; fileRef = 8F1189101A0F02B500873865 /* MessageUI.framework */; };
		8F1189131A0F02BD00873865 /* UIKit.framework in Frameworks */ = {isa = PBXBuildFile; fileRef = 8F1189121A0F02BD00873865 /* UIKit.framework */; };
		8F1189151A0F02CD00873865 /* MapKit.framework in Frameworks */ = {isa = PBXBuildFile; fileRef = 8F1189141A0F02CD00873865 /* MapKit.framework */; };
		8F16CD651A1324C600EF2243 /* PhotoBrowserViewController.m in Sources */ = {isa = PBXBuildFile; fileRef = 8F16CD641A1324C600EF2243 /* PhotoBrowserViewController.m */; };
		8F29D5171A3687CE005101E5 /* active_icon.png in Resources */ = {isa = PBXBuildFile; fileRef = 8F29D50C1A3687CE005101E5 /* active_icon.png */; };
		8F29D5181A3687CE005101E5 /* add_icon.png in Resources */ = {isa = PBXBuildFile; fileRef = 8F29D50D1A3687CE005101E5 /* add_icon.png */; };
		8F29D5191A3687CE005101E5 /* back_icon.png in Resources */ = {isa = PBXBuildFile; fileRef = 8F29D50E1A3687CE005101E5 /* back_icon.png */; };
		8F29D51A1A3687CE005101E5 /* camera_icon.png in Resources */ = {isa = PBXBuildFile; fileRef = 8F29D50F1A3687CE005101E5 /* camera_icon.png */; };
		8F29D51B1A3687CE005101E5 /* groop_app_icon.png in Resources */ = {isa = PBXBuildFile; fileRef = 8F29D5101A3687CE005101E5 /* groop_app_icon.png */; };
		8F29D51C1A3687CE005101E5 /* groop_logo.png in Resources */ = {isa = PBXBuildFile; fileRef = 8F29D5111A3687CE005101E5 /* groop_logo.png */; };
		8F29D51D1A3687CE005101E5 /* groop_logoMark.png in Resources */ = {isa = PBXBuildFile; fileRef = 8F29D5121A3687CE005101E5 /* groop_logoMark.png */; };
		8F29D51E1A3687CE005101E5 /* login_background.png in Resources */ = {isa = PBXBuildFile; fileRef = 8F29D5131A3687CE005101E5 /* login_background.png */; };
		8F29D51F1A3687CE005101E5 /* members_icon.png in Resources */ = {isa = PBXBuildFile; fileRef = 8F29D5141A3687CE005101E5 /* members_icon.png */; };
		8F29D5201A3687CE005101E5 /* photo_icon.png in Resources */ = {isa = PBXBuildFile; fileRef = 8F29D5151A3687CE005101E5 /* photo_icon.png */; };
		8F29D5211A3687CE005101E5 /* settings_icon.png in Resources */ = {isa = PBXBuildFile; fileRef = 8F29D5161A3687CE005101E5 /* settings_icon.png */; };
		8F29D5231A369141005101E5 /* GillSansStd-Bold.otf in Resources */ = {isa = PBXBuildFile; fileRef = 8F29D5221A369141005101E5 /* GillSansStd-Bold.otf */; };
		8F29D5251A369667005101E5 /* GillSansStd.otf in Resources */ = {isa = PBXBuildFile; fileRef = 8F29D5241A369667005101E5 /* GillSansStd.otf */; };
		8F305EC11A12B1B500959DE5 /* LobbyCell.m in Sources */ = {isa = PBXBuildFile; fileRef = 8F305EC01A12B1B500959DE5 /* LobbyCell.m */; };
		8F305EC61A12C6BD00959DE5 /* CameraRollWorker.m in Sources */ = {isa = PBXBuildFile; fileRef = 8F305EC51A12C6BD00959DE5 /* CameraRollWorker.m */; };
		8F5F9EB11A3A3939007CCBDC /* Dismiss.m in Sources */ = {isa = PBXBuildFile; fileRef = 8F5F9EB01A3A3939007CCBDC /* Dismiss.m */; };
		8F5F9EB31A3A4667007CCBDC /* inbox.png in Resources */ = {isa = PBXBuildFile; fileRef = 8F5F9EB21A3A4667007CCBDC /* inbox.png */; };
		8F629B0C1A0BF7280020C0CF /* FBEventsTableViewController.m in Sources */ = {isa = PBXBuildFile; fileRef = 8F629B0B1A0BF7280020C0CF /* FBEventsTableViewController.m */; };
		8F629B0F1A0C19E00020C0CF /* CreateLobbyViewController.m in Sources */ = {isa = PBXBuildFile; fileRef = 8F629B0E1A0C19E00020C0CF /* CreateLobbyViewController.m */; };
		8F7DB1621A0D58EC008A1C7E /* CameraViewController.m in Sources */ = {isa = PBXBuildFile; fileRef = 8F7DB1611A0D58EC008A1C7E /* CameraViewController.m */; };
		8F7DB1641A0D5C28008A1C7E /* FacebookSDK.framework in Frameworks */ = {isa = PBXBuildFile; fileRef = 8F7DB1631A0D5C28008A1C7E /* FacebookSDK.framework */; };
		8F7DB1671A0D6932008A1C7E /* AVCamPreviewView.m in Sources */ = {isa = PBXBuildFile; fileRef = 8F7DB1661A0D6932008A1C7E /* AVCamPreviewView.m */; };
		8F869F321A0B220400429432 /* LoginViewController.m in Sources */ = {isa = PBXBuildFile; fileRef = 8F869F311A0B220400429432 /* LoginViewController.m */; };
		8F869F341A0B22BD00429432 /* ParseFacebookUtils.framework in Frameworks */ = {isa = PBXBuildFile; fileRef = 8F869F331A0B22BD00429432 /* ParseFacebookUtils.framework */; };
		8F9FE4C01A0C5C85002FA17C /* InviteFriendsTableViewController.m in Sources */ = {isa = PBXBuildFile; fileRef = 8F9FE4BF1A0C5C85002FA17C /* InviteFriendsTableViewController.m */; };
		8FB98E5E1A38B25900A489E0 /* camerabutton.png in Resources */ = {isa = PBXBuildFile; fileRef = 8FB98E591A38B25900A489E0 /* camerabutton.png */; };
		8FB98E5F1A38B25900A489E0 /* goopIcon2x.png in Resources */ = {isa = PBXBuildFile; fileRef = 8FB98E5A1A38B25900A489E0 /* goopIcon2x.png */; };
		8FB98E601A38B25900A489E0 /* goopIcon3x.png in Resources */ = {isa = PBXBuildFile; fileRef = 8FB98E5B1A38B25900A489E0 /* goopIcon3x.png */; };
		8FB98E611A38B25900A489E0 /* groop.jpg in Resources */ = {isa = PBXBuildFile; fileRef = 8FB98E5C1A38B25900A489E0 /* groop.jpg */; };
		8FB98E621A38B25900A489E0 /* humin.jpg in Resources */ = {isa = PBXBuildFile; fileRef = 8FB98E5D1A38B25900A489E0 /* humin.jpg */; };
		8FBB294F1A392C5000099330 /* ActiveLobbiesTableViewCell.m in Sources */ = {isa = PBXBuildFile; fileRef = 8FBB294E1A392C5000099330 /* ActiveLobbiesTableViewCell.m */; };
		8FBB29531A392D8300099330 /* ActiveLobbiesTableViewController.m in Sources */ = {isa = PBXBuildFile; fileRef = 8FBB29521A392D8300099330 /* ActiveLobbiesTableViewController.m */; };
		8FBB29551A393A6900099330 /* flash.png in Resources */ = {isa = PBXBuildFile; fileRef = 8FBB29541A393A6900099330 /* flash.png */; };
		8FBCDBA31A37C0AC00173591 /* UILabel+Extension.m in Sources */ = {isa = PBXBuildFile; fileRef = 8FBCDBA21A37C0AC00173591 /* UILabel+Extension.m */; };
		8FBCDBA51A37CCD800173591 /* switch_camera.png in Resources */ = {isa = PBXBuildFile; fileRef = 8FBCDBA41A37CCD800173591 /* switch_camera.png */; };
		8FBCDBA81A37D32100173591 /* PageViewController.m in Sources */ = {isa = PBXBuildFile; fileRef = 8FBCDBA71A37D32100173591 /* PageViewController.m */; };
		8FD07F711A0D6E89002BD03C /* Images.xcassets in Resources */ = {isa = PBXBuildFile; fileRef = 8FD07F701A0D6E89002BD03C /* Images.xcassets */; };
		8FFB4CE81A05E6A20048A5AC /* AudioToolbox.framework in Frameworks */ = {isa = PBXBuildFile; fileRef = 8FFB4CE71A05E6A20048A5AC /* AudioToolbox.framework */; };
		8FFB4CEB1A05E6D50048A5AC /* Parse.framework in Frameworks */ = {isa = PBXBuildFile; fileRef = 8FFB4CEA1A05E6D50048A5AC /* Parse.framework */; };
		8FFB4CED1A05E6E40048A5AC /* Bolts.framework in Frameworks */ = {isa = PBXBuildFile; fileRef = 8FFB4CEC1A05E6E40048A5AC /* Bolts.framework */; };
		8FFB4CEF1A05E6FC0048A5AC /* CFNetwork.framework in Frameworks */ = {isa = PBXBuildFile; fileRef = 8FFB4CEE1A05E6FC0048A5AC /* CFNetwork.framework */; };
		8FFB4CF11A05E7070048A5AC /* CoreGraphics.framework in Frameworks */ = {isa = PBXBuildFile; fileRef = 8FFB4CF01A05E7070048A5AC /* CoreGraphics.framework */; };
		8FFB4CF31A05E70D0048A5AC /* CoreLocation.framework in Frameworks */ = {isa = PBXBuildFile; fileRef = 8FFB4CF21A05E70D0048A5AC /* CoreLocation.framework */; };
		8FFB4CF51A05E7130048A5AC /* libz.dylib in Frameworks */ = {isa = PBXBuildFile; fileRef = 8FFB4CF41A05E7130048A5AC /* libz.dylib */; };
		8FFB4CF71A05E7180048A5AC /* MobileCoreServices.framework in Frameworks */ = {isa = PBXBuildFile; fileRef = 8FFB4CF61A05E7180048A5AC /* MobileCoreServices.framework */; };
		8FFB4CF91A05E71E0048A5AC /* QuartzCore.framework in Frameworks */ = {isa = PBXBuildFile; fileRef = 8FFB4CF81A05E71E0048A5AC /* QuartzCore.framework */; };
		8FFB4CFB1A05E7240048A5AC /* Security.framework in Frameworks */ = {isa = PBXBuildFile; fileRef = 8FFB4CFA1A05E7240048A5AC /* Security.framework */; };
		8FFB4CFD1A05E7290048A5AC /* StoreKit.framework in Frameworks */ = {isa = PBXBuildFile; fileRef = 8FFB4CFC1A05E7290048A5AC /* StoreKit.framework */; };
		8FFB4CFF1A05E7310048A5AC /* SystemConfiguration.framework in Frameworks */ = {isa = PBXBuildFile; fileRef = 8FFB4CFE1A05E7310048A5AC /* SystemConfiguration.framework */; };
		8FFB4D021A073A600048A5AC /* User.m in Sources */ = {isa = PBXBuildFile; fileRef = 8FFB4D011A073A600048A5AC /* User.m */; };
		8FFB4D051A0740610048A5AC /* LobbyManager.m in Sources */ = {isa = PBXBuildFile; fileRef = 8FFB4D041A0740610048A5AC /* LobbyManager.m */; };
		8FFB4D081A0740890048A5AC /* Photo.m in Sources */ = {isa = PBXBuildFile; fileRef = 8FFB4D071A0740890048A5AC /* Photo.m */; };
		8FFB4D0A1A0753D90048A5AC /* Twitter.framework in Frameworks */ = {isa = PBXBuildFile; fileRef = 8FFB4D091A0753D90048A5AC /* Twitter.framework */; };
		8FFB4D0E1A07544A0048A5AC /* Social.framework in Frameworks */ = {isa = PBXBuildFile; fileRef = 8FFB4D0D1A07544A0048A5AC /* Social.framework */; };
		8FFB4D101A0754530048A5AC /* Accounts.framework in Frameworks */ = {isa = PBXBuildFile; fileRef = 8FFB4D0F1A0754530048A5AC /* Accounts.framework */; };
/* End PBXBuildFile section */

/* Begin PBXContainerItemProxy section */
		8F040BB819EF60D30066F2F4 /* PBXContainerItemProxy */ = {
			isa = PBXContainerItemProxy;
			containerPortal = 8F040B9319EF60D20066F2F4 /* Project object */;
			proxyType = 1;
			remoteGlobalIDString = 8F040B9A19EF60D20066F2F4;
			remoteInfo = Groop;
		};
/* End PBXContainerItemProxy section */

/* Begin PBXFileReference section */
		8F040B9B19EF60D20066F2F4 /* Groop.app */ = {isa = PBXFileReference; explicitFileType = wrapper.application; includeInIndex = 0; path = Groop.app; sourceTree = BUILT_PRODUCTS_DIR; };
		8F040B9F19EF60D20066F2F4 /* Info.plist */ = {isa = PBXFileReference; lastKnownFileType = text.plist.xml; path = Info.plist; sourceTree = "<group>"; };
		8F040BA019EF60D20066F2F4 /* main.m */ = {isa = PBXFileReference; lastKnownFileType = sourcecode.c.objc; path = main.m; sourceTree = "<group>"; };
		8F040BA219EF60D20066F2F4 /* AppDelegate.h */ = {isa = PBXFileReference; lastKnownFileType = sourcecode.c.h; path = AppDelegate.h; sourceTree = "<group>"; };
		8F040BA319EF60D20066F2F4 /* AppDelegate.m */ = {isa = PBXFileReference; lastKnownFileType = sourcecode.c.objc; path = AppDelegate.m; sourceTree = "<group>"; };
		8F040BA619EF60D20066F2F4 /* Groop.xcdatamodel */ = {isa = PBXFileReference; lastKnownFileType = wrapper.xcdatamodel; path = Groop.xcdatamodel; sourceTree = "<group>"; };
		8F040BAC19EF60D20066F2F4 /* Base */ = {isa = PBXFileReference; lastKnownFileType = file.storyboard; name = Base; path = Base.lproj/Main.storyboard; sourceTree = "<group>"; };
		8F040BB119EF60D20066F2F4 /* Base */ = {isa = PBXFileReference; lastKnownFileType = file.xib; name = Base; path = Base.lproj/LaunchScreen.xib; sourceTree = "<group>"; };
		8F040BB719EF60D30066F2F4 /* GroopTests.xctest */ = {isa = PBXFileReference; explicitFileType = wrapper.cfbundle; includeInIndex = 0; path = GroopTests.xctest; sourceTree = BUILT_PRODUCTS_DIR; };
		8F040BBC19EF60D30066F2F4 /* Info.plist */ = {isa = PBXFileReference; lastKnownFileType = text.plist.xml; path = Info.plist; sourceTree = "<group>"; };
		8F040BBD19EF60D30066F2F4 /* GroopTests.m */ = {isa = PBXFileReference; lastKnownFileType = sourcecode.c.objc; path = GroopTests.m; sourceTree = "<group>"; };
		8F040BC719EF62580066F2F4 /* LobbiesTableViewController.h */ = {isa = PBXFileReference; fileEncoding = 4; lastKnownFileType = sourcecode.c.h; path = LobbiesTableViewController.h; sourceTree = "<group>"; };
		8F040BC819EF62580066F2F4 /* LobbiesTableViewController.m */ = {isa = PBXFileReference; fileEncoding = 4; lastKnownFileType = sourcecode.c.objc; path = LobbiesTableViewController.m; sourceTree = "<group>"; };
		8F040BCA19EF66790066F2F4 /* LobbyAlbumViewController.h */ = {isa = PBXFileReference; fileEncoding = 4; lastKnownFileType = sourcecode.c.h; path = LobbyAlbumViewController.h; sourceTree = "<group>"; };
		8F040BCB19EF66790066F2F4 /* LobbyAlbumViewController.m */ = {isa = PBXFileReference; fileEncoding = 4; lastKnownFileType = sourcecode.c.objc; path = LobbyAlbumViewController.m; sourceTree = "<group>"; };
		8F1188831A0EFF7D00873865 /* MWCaptionView.h */ = {isa = PBXFileReference; fileEncoding = 4; lastKnownFileType = sourcecode.c.h; path = MWCaptionView.h; sourceTree = "<group>"; };
		8F1188841A0EFF7D00873865 /* MWCaptionView.m */ = {isa = PBXFileReference; fileEncoding = 4; lastKnownFileType = sourcecode.c.objc; path = MWCaptionView.m; sourceTree = "<group>"; };
		8F1188851A0EFF7D00873865 /* MWCommon.h */ = {isa = PBXFileReference; fileEncoding = 4; lastKnownFileType = sourcecode.c.h; path = MWCommon.h; sourceTree = "<group>"; };
		8F1188861A0EFF7D00873865 /* MWGridCell.h */ = {isa = PBXFileReference; fileEncoding = 4; lastKnownFileType = sourcecode.c.h; path = MWGridCell.h; sourceTree = "<group>"; };
		8F1188871A0EFF7D00873865 /* MWGridCell.m */ = {isa = PBXFileReference; fileEncoding = 4; lastKnownFileType = sourcecode.c.objc; path = MWGridCell.m; sourceTree = "<group>"; };
		8F1188881A0EFF7D00873865 /* MWGridViewController.h */ = {isa = PBXFileReference; fileEncoding = 4; lastKnownFileType = sourcecode.c.h; path = MWGridViewController.h; sourceTree = "<group>"; };
		8F1188891A0EFF7D00873865 /* MWGridViewController.m */ = {isa = PBXFileReference; fileEncoding = 4; lastKnownFileType = sourcecode.c.objc; path = MWGridViewController.m; sourceTree = "<group>"; };
		8F11888A1A0EFF7D00873865 /* MWPhoto.h */ = {isa = PBXFileReference; fileEncoding = 4; lastKnownFileType = sourcecode.c.h; path = MWPhoto.h; sourceTree = "<group>"; };
		8F11888B1A0EFF7D00873865 /* MWPhoto.m */ = {isa = PBXFileReference; fileEncoding = 4; lastKnownFileType = sourcecode.c.objc; path = MWPhoto.m; sourceTree = "<group>"; };
		8F11888C1A0EFF7D00873865 /* MWPhotoBrowser.h */ = {isa = PBXFileReference; fileEncoding = 4; lastKnownFileType = sourcecode.c.h; path = MWPhotoBrowser.h; sourceTree = "<group>"; };
		8F11888D1A0EFF7D00873865 /* MWPhotoBrowser.m */ = {isa = PBXFileReference; fileEncoding = 4; lastKnownFileType = sourcecode.c.objc; path = MWPhotoBrowser.m; sourceTree = "<group>"; };
		8F11888E1A0EFF7D00873865 /* MWPhotoBrowserPrivate.h */ = {isa = PBXFileReference; fileEncoding = 4; lastKnownFileType = sourcecode.c.h; path = MWPhotoBrowserPrivate.h; sourceTree = "<group>"; };
		8F11888F1A0EFF7D00873865 /* MWPhotoProtocol.h */ = {isa = PBXFileReference; fileEncoding = 4; lastKnownFileType = sourcecode.c.h; path = MWPhotoProtocol.h; sourceTree = "<group>"; };
		8F1188901A0EFF7D00873865 /* MWTapDetectingImageView.h */ = {isa = PBXFileReference; fileEncoding = 4; lastKnownFileType = sourcecode.c.h; path = MWTapDetectingImageView.h; sourceTree = "<group>"; };
		8F1188911A0EFF7D00873865 /* MWTapDetectingImageView.m */ = {isa = PBXFileReference; fileEncoding = 4; lastKnownFileType = sourcecode.c.objc; path = MWTapDetectingImageView.m; sourceTree = "<group>"; };
		8F1188921A0EFF7D00873865 /* MWTapDetectingView.h */ = {isa = PBXFileReference; fileEncoding = 4; lastKnownFileType = sourcecode.c.h; path = MWTapDetectingView.h; sourceTree = "<group>"; };
		8F1188931A0EFF7D00873865 /* MWTapDetectingView.m */ = {isa = PBXFileReference; fileEncoding = 4; lastKnownFileType = sourcecode.c.objc; path = MWTapDetectingView.m; sourceTree = "<group>"; };
		8F1188941A0EFF7D00873865 /* MWZoomingScrollView.h */ = {isa = PBXFileReference; fileEncoding = 4; lastKnownFileType = sourcecode.c.h; path = MWZoomingScrollView.h; sourceTree = "<group>"; };
		8F1188951A0EFF7D00873865 /* MWZoomingScrollView.m */ = {isa = PBXFileReference; fileEncoding = 4; lastKnownFileType = sourcecode.c.objc; path = MWZoomingScrollView.m; sourceTree = "<group>"; };
		8F1188981A0EFF7D00873865 /* DACircularProgressView.h */ = {isa = PBXFileReference; fileEncoding = 4; lastKnownFileType = sourcecode.c.h; path = DACircularProgressView.h; sourceTree = "<group>"; };
		8F1188991A0EFF7D00873865 /* DACircularProgressView.m */ = {isa = PBXFileReference; fileEncoding = 4; lastKnownFileType = sourcecode.c.objc; path = DACircularProgressView.m; sourceTree = "<group>"; };
		8F11889B1A0EFF7D00873865 /* MBProgressHUD.h */ = {isa = PBXFileReference; fileEncoding = 4; lastKnownFileType = sourcecode.c.h; path = MBProgressHUD.h; sourceTree = "<group>"; };
		8F11889C1A0EFF7D00873865 /* MBProgressHUD.m */ = {isa = PBXFileReference; fileEncoding = 4; lastKnownFileType = sourcecode.c.objc; path = MBProgressHUD.m; sourceTree = "<group>"; };
		8F11889F1A0EFF7D00873865 /* NSIndexPath+PSTCollectionViewAdditions.h */ = {isa = PBXFileReference; fileEncoding = 4; lastKnownFileType = sourcecode.c.h; path = "NSIndexPath+PSTCollectionViewAdditions.h"; sourceTree = "<group>"; };
		8F1188A01A0EFF7D00873865 /* NSIndexPath+PSTCollectionViewAdditions.m */ = {isa = PBXFileReference; fileEncoding = 4; lastKnownFileType = sourcecode.c.objc; path = "NSIndexPath+PSTCollectionViewAdditions.m"; sourceTree = "<group>"; };
		8F1188A11A0EFF7D00873865 /* PSTCollectionView.h */ = {isa = PBXFileReference; fileEncoding = 4; lastKnownFileType = sourcecode.c.h; path = PSTCollectionView.h; sourceTree = "<group>"; };
		8F1188A21A0EFF7D00873865 /* PSTCollectionView.m */ = {isa = PBXFileReference; fileEncoding = 4; lastKnownFileType = sourcecode.c.objc; path = PSTCollectionView.m; sourceTree = "<group>"; };
		8F1188A31A0EFF7D00873865 /* PSTCollectionViewCell.h */ = {isa = PBXFileReference; fileEncoding = 4; lastKnownFileType = sourcecode.c.h; path = PSTCollectionViewCell.h; sourceTree = "<group>"; };
		8F1188A41A0EFF7D00873865 /* PSTCollectionViewCell.m */ = {isa = PBXFileReference; fileEncoding = 4; lastKnownFileType = sourcecode.c.objc; path = PSTCollectionViewCell.m; sourceTree = "<group>"; };
		8F1188A51A0EFF7D00873865 /* PSTCollectionViewCommon.h */ = {isa = PBXFileReference; fileEncoding = 4; lastKnownFileType = sourcecode.c.h; path = PSTCollectionViewCommon.h; sourceTree = "<group>"; };
		8F1188A61A0EFF7D00873865 /* PSTCollectionViewController.h */ = {isa = PBXFileReference; fileEncoding = 4; lastKnownFileType = sourcecode.c.h; path = PSTCollectionViewController.h; sourceTree = "<group>"; };
		8F1188A71A0EFF7D00873865 /* PSTCollectionViewController.m */ = {isa = PBXFileReference; fileEncoding = 4; lastKnownFileType = sourcecode.c.objc; path = PSTCollectionViewController.m; sourceTree = "<group>"; };
		8F1188A81A0EFF7D00873865 /* PSTCollectionViewData.h */ = {isa = PBXFileReference; fileEncoding = 4; lastKnownFileType = sourcecode.c.h; path = PSTCollectionViewData.h; sourceTree = "<group>"; };
		8F1188A91A0EFF7D00873865 /* PSTCollectionViewData.m */ = {isa = PBXFileReference; fileEncoding = 4; lastKnownFileType = sourcecode.c.objc; path = PSTCollectionViewData.m; sourceTree = "<group>"; };
		8F1188AA1A0EFF7D00873865 /* PSTCollectionViewFlowLayout.h */ = {isa = PBXFileReference; fileEncoding = 4; lastKnownFileType = sourcecode.c.h; path = PSTCollectionViewFlowLayout.h; sourceTree = "<group>"; };
		8F1188AB1A0EFF7D00873865 /* PSTCollectionViewFlowLayout.m */ = {isa = PBXFileReference; fileEncoding = 4; lastKnownFileType = sourcecode.c.objc; path = PSTCollectionViewFlowLayout.m; sourceTree = "<group>"; };
		8F1188AC1A0EFF7D00873865 /* PSTCollectionViewItemKey.h */ = {isa = PBXFileReference; fileEncoding = 4; lastKnownFileType = sourcecode.c.h; path = PSTCollectionViewItemKey.h; sourceTree = "<group>"; };
		8F1188AD1A0EFF7D00873865 /* PSTCollectionViewItemKey.m */ = {isa = PBXFileReference; fileEncoding = 4; lastKnownFileType = sourcecode.c.objc; path = PSTCollectionViewItemKey.m; sourceTree = "<group>"; };
		8F1188AE1A0EFF7D00873865 /* PSTCollectionViewLayout+Internals.h */ = {isa = PBXFileReference; fileEncoding = 4; lastKnownFileType = sourcecode.c.h; path = "PSTCollectionViewLayout+Internals.h"; sourceTree = "<group>"; };
		8F1188AF1A0EFF7D00873865 /* PSTCollectionViewLayout.h */ = {isa = PBXFileReference; fileEncoding = 4; lastKnownFileType = sourcecode.c.h; path = PSTCollectionViewLayout.h; sourceTree = "<group>"; };
		8F1188B01A0EFF7D00873865 /* PSTCollectionViewLayout.m */ = {isa = PBXFileReference; fileEncoding = 4; lastKnownFileType = sourcecode.c.objc; path = PSTCollectionViewLayout.m; sourceTree = "<group>"; };
		8F1188B11A0EFF7D00873865 /* PSTCollectionViewUpdateItem.h */ = {isa = PBXFileReference; fileEncoding = 4; lastKnownFileType = sourcecode.c.h; path = PSTCollectionViewUpdateItem.h; sourceTree = "<group>"; };
		8F1188B21A0EFF7D00873865 /* PSTCollectionViewUpdateItem.m */ = {isa = PBXFileReference; fileEncoding = 4; lastKnownFileType = sourcecode.c.objc; path = PSTCollectionViewUpdateItem.m; sourceTree = "<group>"; };
		8F1188B31A0EFF7D00873865 /* PSTGridLayoutInfo.h */ = {isa = PBXFileReference; fileEncoding = 4; lastKnownFileType = sourcecode.c.h; path = PSTGridLayoutInfo.h; sourceTree = "<group>"; };
		8F1188B41A0EFF7D00873865 /* PSTGridLayoutInfo.m */ = {isa = PBXFileReference; fileEncoding = 4; lastKnownFileType = sourcecode.c.objc; path = PSTGridLayoutInfo.m; sourceTree = "<group>"; };
		8F1188B51A0EFF7D00873865 /* PSTGridLayoutItem.h */ = {isa = PBXFileReference; fileEncoding = 4; lastKnownFileType = sourcecode.c.h; path = PSTGridLayoutItem.h; sourceTree = "<group>"; };
		8F1188B61A0EFF7D00873865 /* PSTGridLayoutItem.m */ = {isa = PBXFileReference; fileEncoding = 4; lastKnownFileType = sourcecode.c.objc; path = PSTGridLayoutItem.m; sourceTree = "<group>"; };
		8F1188B71A0EFF7D00873865 /* PSTGridLayoutRow.h */ = {isa = PBXFileReference; fileEncoding = 4; lastKnownFileType = sourcecode.c.h; path = PSTGridLayoutRow.h; sourceTree = "<group>"; };
		8F1188B81A0EFF7D00873865 /* PSTGridLayoutRow.m */ = {isa = PBXFileReference; fileEncoding = 4; lastKnownFileType = sourcecode.c.objc; path = PSTGridLayoutRow.m; sourceTree = "<group>"; };
		8F1188B91A0EFF7D00873865 /* PSTGridLayoutSection.h */ = {isa = PBXFileReference; fileEncoding = 4; lastKnownFileType = sourcecode.c.h; path = PSTGridLayoutSection.h; sourceTree = "<group>"; };
		8F1188BA1A0EFF7D00873865 /* PSTGridLayoutSection.m */ = {isa = PBXFileReference; fileEncoding = 4; lastKnownFileType = sourcecode.c.objc; path = PSTGridLayoutSection.m; sourceTree = "<group>"; };
		8F1188BC1A0EFF7D00873865 /* LICENSE */ = {isa = PBXFileReference; fileEncoding = 4; lastKnownFileType = text; path = LICENSE; sourceTree = "<group>"; };
		8F1188BF1A0EFF7D00873865 /* MKAnnotationView+WebCache.h */ = {isa = PBXFileReference; fileEncoding = 4; lastKnownFileType = sourcecode.c.h; path = "MKAnnotationView+WebCache.h"; sourceTree = "<group>"; };
		8F1188C01A0EFF7D00873865 /* MKAnnotationView+WebCache.m */ = {isa = PBXFileReference; fileEncoding = 4; lastKnownFileType = sourcecode.c.objc; path = "MKAnnotationView+WebCache.m"; sourceTree = "<group>"; };
		8F1188C11A0EFF7D00873865 /* NSData+ImageContentType.h */ = {isa = PBXFileReference; fileEncoding = 4; lastKnownFileType = sourcecode.c.h; path = "NSData+ImageContentType.h"; sourceTree = "<group>"; };
		8F1188C21A0EFF7D00873865 /* NSData+ImageContentType.m */ = {isa = PBXFileReference; fileEncoding = 4; lastKnownFileType = sourcecode.c.objc; path = "NSData+ImageContentType.m"; sourceTree = "<group>"; };
		8F1188C31A0EFF7D00873865 /* SDImageCache.h */ = {isa = PBXFileReference; fileEncoding = 4; lastKnownFileType = sourcecode.c.h; path = SDImageCache.h; sourceTree = "<group>"; };
		8F1188C41A0EFF7D00873865 /* SDImageCache.m */ = {isa = PBXFileReference; fileEncoding = 4; lastKnownFileType = sourcecode.c.objc; path = SDImageCache.m; sourceTree = "<group>"; };
		8F1188C51A0EFF7D00873865 /* SDWebImageCompat.h */ = {isa = PBXFileReference; fileEncoding = 4; lastKnownFileType = sourcecode.c.h; path = SDWebImageCompat.h; sourceTree = "<group>"; };
		8F1188C61A0EFF7D00873865 /* SDWebImageCompat.m */ = {isa = PBXFileReference; fileEncoding = 4; lastKnownFileType = sourcecode.c.objc; path = SDWebImageCompat.m; sourceTree = "<group>"; };
		8F1188C71A0EFF7D00873865 /* SDWebImageDecoder.h */ = {isa = PBXFileReference; fileEncoding = 4; lastKnownFileType = sourcecode.c.h; path = SDWebImageDecoder.h; sourceTree = "<group>"; };
		8F1188C81A0EFF7D00873865 /* SDWebImageDecoder.m */ = {isa = PBXFileReference; fileEncoding = 4; lastKnownFileType = sourcecode.c.objc; path = SDWebImageDecoder.m; sourceTree = "<group>"; };
		8F1188C91A0EFF7D00873865 /* SDWebImageDownloader.h */ = {isa = PBXFileReference; fileEncoding = 4; lastKnownFileType = sourcecode.c.h; path = SDWebImageDownloader.h; sourceTree = "<group>"; };
		8F1188CA1A0EFF7D00873865 /* SDWebImageDownloader.m */ = {isa = PBXFileReference; fileEncoding = 4; lastKnownFileType = sourcecode.c.objc; path = SDWebImageDownloader.m; sourceTree = "<group>"; };
		8F1188CB1A0EFF7D00873865 /* SDWebImageDownloaderOperation.h */ = {isa = PBXFileReference; fileEncoding = 4; lastKnownFileType = sourcecode.c.h; path = SDWebImageDownloaderOperation.h; sourceTree = "<group>"; };
		8F1188CC1A0EFF7D00873865 /* SDWebImageDownloaderOperation.m */ = {isa = PBXFileReference; fileEncoding = 4; lastKnownFileType = sourcecode.c.objc; path = SDWebImageDownloaderOperation.m; sourceTree = "<group>"; };
		8F1188CD1A0EFF7D00873865 /* SDWebImageManager.h */ = {isa = PBXFileReference; fileEncoding = 4; lastKnownFileType = sourcecode.c.h; path = SDWebImageManager.h; sourceTree = "<group>"; };
		8F1188CE1A0EFF7D00873865 /* SDWebImageManager.m */ = {isa = PBXFileReference; fileEncoding = 4; lastKnownFileType = sourcecode.c.objc; path = SDWebImageManager.m; sourceTree = "<group>"; };
		8F1188CF1A0EFF7D00873865 /* SDWebImageOperation.h */ = {isa = PBXFileReference; fileEncoding = 4; lastKnownFileType = sourcecode.c.h; path = SDWebImageOperation.h; sourceTree = "<group>"; };
		8F1188D01A0EFF7D00873865 /* SDWebImagePrefetcher.h */ = {isa = PBXFileReference; fileEncoding = 4; lastKnownFileType = sourcecode.c.h; path = SDWebImagePrefetcher.h; sourceTree = "<group>"; };
		8F1188D11A0EFF7D00873865 /* SDWebImagePrefetcher.m */ = {isa = PBXFileReference; fileEncoding = 4; lastKnownFileType = sourcecode.c.objc; path = SDWebImagePrefetcher.m; sourceTree = "<group>"; };
		8F1188D21A0EFF7D00873865 /* UIButton+WebCache.h */ = {isa = PBXFileReference; fileEncoding = 4; lastKnownFileType = sourcecode.c.h; path = "UIButton+WebCache.h"; sourceTree = "<group>"; };
		8F1188D31A0EFF7D00873865 /* UIButton+WebCache.m */ = {isa = PBXFileReference; fileEncoding = 4; lastKnownFileType = sourcecode.c.objc; path = "UIButton+WebCache.m"; sourceTree = "<group>"; };
		8F1188D41A0EFF7D00873865 /* UIImage+GIF.h */ = {isa = PBXFileReference; fileEncoding = 4; lastKnownFileType = sourcecode.c.h; path = "UIImage+GIF.h"; sourceTree = "<group>"; };
		8F1188D51A0EFF7D00873865 /* UIImage+GIF.m */ = {isa = PBXFileReference; fileEncoding = 4; lastKnownFileType = sourcecode.c.objc; path = "UIImage+GIF.m"; sourceTree = "<group>"; };
		8F1188D61A0EFF7D00873865 /* UIImage+MultiFormat.h */ = {isa = PBXFileReference; fileEncoding = 4; lastKnownFileType = sourcecode.c.h; path = "UIImage+MultiFormat.h"; sourceTree = "<group>"; };
		8F1188D71A0EFF7D00873865 /* UIImage+MultiFormat.m */ = {isa = PBXFileReference; fileEncoding = 4; lastKnownFileType = sourcecode.c.objc; path = "UIImage+MultiFormat.m"; sourceTree = "<group>"; };
		8F1188D81A0EFF7D00873865 /* UIImage+WebP.h */ = {isa = PBXFileReference; fileEncoding = 4; lastKnownFileType = sourcecode.c.h; path = "UIImage+WebP.h"; sourceTree = "<group>"; };
		8F1188D91A0EFF7D00873865 /* UIImage+WebP.m */ = {isa = PBXFileReference; fileEncoding = 4; lastKnownFileType = sourcecode.c.objc; path = "UIImage+WebP.m"; sourceTree = "<group>"; };
		8F1188DA1A0EFF7D00873865 /* UIImageView+HighlightedWebCache.h */ = {isa = PBXFileReference; fileEncoding = 4; lastKnownFileType = sourcecode.c.h; path = "UIImageView+HighlightedWebCache.h"; sourceTree = "<group>"; };
		8F1188DB1A0EFF7D00873865 /* UIImageView+HighlightedWebCache.m */ = {isa = PBXFileReference; fileEncoding = 4; lastKnownFileType = sourcecode.c.objc; path = "UIImageView+HighlightedWebCache.m"; sourceTree = "<group>"; };
		8F1188DC1A0EFF7D00873865 /* UIImageView+WebCache.h */ = {isa = PBXFileReference; fileEncoding = 4; lastKnownFileType = sourcecode.c.h; path = "UIImageView+WebCache.h"; sourceTree = "<group>"; };
		8F1188DD1A0EFF7D00873865 /* UIImageView+WebCache.m */ = {isa = PBXFileReference; fileEncoding = 4; lastKnownFileType = sourcecode.c.objc; path = "UIImageView+WebCache.m"; sourceTree = "<group>"; };
		8F1188DE1A0EFF7D00873865 /* UIView+WebCacheOperation.h */ = {isa = PBXFileReference; fileEncoding = 4; lastKnownFileType = sourcecode.c.h; path = "UIView+WebCacheOperation.h"; sourceTree = "<group>"; };
		8F1188DF1A0EFF7D00873865 /* UIView+WebCacheOperation.m */ = {isa = PBXFileReference; fileEncoding = 4; lastKnownFileType = sourcecode.c.objc; path = "UIView+WebCacheOperation.m"; sourceTree = "<group>"; };
		8F11890A1A0EFF8700873865 /* MWPhotoBrowser.bundle */ = {isa = PBXFileReference; lastKnownFileType = "wrapper.plug-in"; path = MWPhotoBrowser.bundle; sourceTree = "<group>"; };
		8F11890C1A0F02A500873865 /* AssetsLibrary.framework */ = {isa = PBXFileReference; lastKnownFileType = wrapper.framework; name = AssetsLibrary.framework; path = System/Library/Frameworks/AssetsLibrary.framework; sourceTree = SDKROOT; };
		8F11890E1A0F02AE00873865 /* ImageIO.framework */ = {isa = PBXFileReference; lastKnownFileType = wrapper.framework; name = ImageIO.framework; path = System/Library/Frameworks/ImageIO.framework; sourceTree = SDKROOT; };
		8F1189101A0F02B500873865 /* MessageUI.framework */ = {isa = PBXFileReference; lastKnownFileType = wrapper.framework; name = MessageUI.framework; path = System/Library/Frameworks/MessageUI.framework; sourceTree = SDKROOT; };
		8F1189121A0F02BD00873865 /* UIKit.framework */ = {isa = PBXFileReference; lastKnownFileType = wrapper.framework; name = UIKit.framework; path = System/Library/Frameworks/UIKit.framework; sourceTree = SDKROOT; };
		8F1189141A0F02CD00873865 /* MapKit.framework */ = {isa = PBXFileReference; lastKnownFileType = wrapper.framework; name = MapKit.framework; path = System/Library/Frameworks/MapKit.framework; sourceTree = SDKROOT; };
		8F16CD631A1324C600EF2243 /* PhotoBrowserViewController.h */ = {isa = PBXFileReference; fileEncoding = 4; lastKnownFileType = sourcecode.c.h; path = PhotoBrowserViewController.h; sourceTree = "<group>"; };
		8F16CD641A1324C600EF2243 /* PhotoBrowserViewController.m */ = {isa = PBXFileReference; fileEncoding = 4; lastKnownFileType = sourcecode.c.objc; path = PhotoBrowserViewController.m; sourceTree = "<group>"; };
		8F29D50C1A3687CE005101E5 /* active_icon.png */ = {isa = PBXFileReference; lastKnownFileType = image.png; name = active_icon.png; path = images/active_icon.png; sourceTree = "<group>"; };
		8F29D50D1A3687CE005101E5 /* add_icon.png */ = {isa = PBXFileReference; lastKnownFileType = image.png; name = add_icon.png; path = images/add_icon.png; sourceTree = "<group>"; };
		8F29D50E1A3687CE005101E5 /* back_icon.png */ = {isa = PBXFileReference; lastKnownFileType = image.png; name = back_icon.png; path = images/back_icon.png; sourceTree = "<group>"; };
		8F29D50F1A3687CE005101E5 /* camera_icon.png */ = {isa = PBXFileReference; lastKnownFileType = image.png; name = camera_icon.png; path = images/camera_icon.png; sourceTree = "<group>"; };
		8F29D5101A3687CE005101E5 /* groop_app_icon.png */ = {isa = PBXFileReference; lastKnownFileType = image.png; name = groop_app_icon.png; path = images/groop_app_icon.png; sourceTree = "<group>"; };
		8F29D5111A3687CE005101E5 /* groop_logo.png */ = {isa = PBXFileReference; lastKnownFileType = image.png; name = groop_logo.png; path = images/groop_logo.png; sourceTree = "<group>"; };
		8F29D5121A3687CE005101E5 /* groop_logoMark.png */ = {isa = PBXFileReference; lastKnownFileType = image.png; name = groop_logoMark.png; path = images/groop_logoMark.png; sourceTree = "<group>"; };
		8F29D5131A3687CE005101E5 /* login_background.png */ = {isa = PBXFileReference; lastKnownFileType = image.png; name = login_background.png; path = images/login_background.png; sourceTree = "<group>"; };
		8F29D5141A3687CE005101E5 /* members_icon.png */ = {isa = PBXFileReference; lastKnownFileType = image.png; name = members_icon.png; path = images/members_icon.png; sourceTree = "<group>"; };
		8F29D5151A3687CE005101E5 /* photo_icon.png */ = {isa = PBXFileReference; lastKnownFileType = image.png; name = photo_icon.png; path = images/photo_icon.png; sourceTree = "<group>"; };
		8F29D5161A3687CE005101E5 /* settings_icon.png */ = {isa = PBXFileReference; lastKnownFileType = image.png; name = settings_icon.png; path = images/settings_icon.png; sourceTree = "<group>"; };
		8F29D5221A369141005101E5 /* GillSansStd-Bold.otf */ = {isa = PBXFileReference; lastKnownFileType = file; name = "GillSansStd-Bold.otf"; path = "images/GillSansStd-Bold.otf"; sourceTree = "<group>"; };
		8F29D5241A369667005101E5 /* GillSansStd.otf */ = {isa = PBXFileReference; lastKnownFileType = file; name = GillSansStd.otf; path = images/GillSansStd.otf; sourceTree = "<group>"; };
		8F305EBF1A12B1B500959DE5 /* LobbyCell.h */ = {isa = PBXFileReference; fileEncoding = 4; lastKnownFileType = sourcecode.c.h; path = LobbyCell.h; sourceTree = "<group>"; };
		8F305EC01A12B1B500959DE5 /* LobbyCell.m */ = {isa = PBXFileReference; fileEncoding = 4; lastKnownFileType = sourcecode.c.objc; path = LobbyCell.m; sourceTree = "<group>"; };
		8F305EC41A12C6BD00959DE5 /* CameraRollWorker.h */ = {isa = PBXFileReference; fileEncoding = 4; lastKnownFileType = sourcecode.c.h; path = CameraRollWorker.h; sourceTree = "<group>"; };
		8F305EC51A12C6BD00959DE5 /* CameraRollWorker.m */ = {isa = PBXFileReference; fileEncoding = 4; lastKnownFileType = sourcecode.c.objc; path = CameraRollWorker.m; sourceTree = "<group>"; };
		8F5F9EAF1A3A3939007CCBDC /* Dismiss.h */ = {isa = PBXFileReference; fileEncoding = 4; lastKnownFileType = sourcecode.c.h; path = Dismiss.h; sourceTree = "<group>"; };
		8F5F9EB01A3A3939007CCBDC /* Dismiss.m */ = {isa = PBXFileReference; fileEncoding = 4; lastKnownFileType = sourcecode.c.objc; path = Dismiss.m; sourceTree = "<group>"; };
		8F5F9EB21A3A4667007CCBDC /* inbox.png */ = {isa = PBXFileReference; lastKnownFileType = image.png; name = inbox.png; path = images/inbox.png; sourceTree = "<group>"; };
		8F629B0A1A0BF7280020C0CF /* FBEventsTableViewController.h */ = {isa = PBXFileReference; fileEncoding = 4; lastKnownFileType = sourcecode.c.h; path = FBEventsTableViewController.h; sourceTree = "<group>"; };
		8F629B0B1A0BF7280020C0CF /* FBEventsTableViewController.m */ = {isa = PBXFileReference; fileEncoding = 4; lastKnownFileType = sourcecode.c.objc; path = FBEventsTableViewController.m; sourceTree = "<group>"; };
		8F629B0D1A0C19E00020C0CF /* CreateLobbyViewController.h */ = {isa = PBXFileReference; fileEncoding = 4; lastKnownFileType = sourcecode.c.h; path = CreateLobbyViewController.h; sourceTree = "<group>"; };
		8F629B0E1A0C19E00020C0CF /* CreateLobbyViewController.m */ = {isa = PBXFileReference; fileEncoding = 4; lastKnownFileType = sourcecode.c.objc; path = CreateLobbyViewController.m; sourceTree = "<group>"; };
		8F7DB1601A0D58EC008A1C7E /* CameraViewController.h */ = {isa = PBXFileReference; fileEncoding = 4; lastKnownFileType = sourcecode.c.h; path = CameraViewController.h; sourceTree = "<group>"; };
		8F7DB1611A0D58EC008A1C7E /* CameraViewController.m */ = {isa = PBXFileReference; fileEncoding = 4; lastKnownFileType = sourcecode.c.objc; path = CameraViewController.m; sourceTree = "<group>"; };
		8F7DB1631A0D5C28008A1C7E /* FacebookSDK.framework */ = {isa = PBXFileReference; lastKnownFileType = wrapper.framework; path = FacebookSDK.framework; sourceTree = "<group>"; };
		8F7DB1651A0D6932008A1C7E /* AVCamPreviewView.h */ = {isa = PBXFileReference; fileEncoding = 4; lastKnownFileType = sourcecode.c.h; path = AVCamPreviewView.h; sourceTree = "<group>"; };
		8F7DB1661A0D6932008A1C7E /* AVCamPreviewView.m */ = {isa = PBXFileReference; fileEncoding = 4; lastKnownFileType = sourcecode.c.objc; path = AVCamPreviewView.m; sourceTree = "<group>"; };
		8F869F301A0B220400429432 /* LoginViewController.h */ = {isa = PBXFileReference; fileEncoding = 4; lastKnownFileType = sourcecode.c.h; path = LoginViewController.h; sourceTree = "<group>"; };
		8F869F311A0B220400429432 /* LoginViewController.m */ = {isa = PBXFileReference; fileEncoding = 4; lastKnownFileType = sourcecode.c.objc; path = LoginViewController.m; sourceTree = "<group>"; };
		8F869F331A0B22BD00429432 /* ParseFacebookUtils.framework */ = {isa = PBXFileReference; lastKnownFileType = wrapper.framework; path = ParseFacebookUtils.framework; sourceTree = "<group>"; };
		8F9FE4BE1A0C5C85002FA17C /* InviteFriendsTableViewController.h */ = {isa = PBXFileReference; fileEncoding = 4; lastKnownFileType = sourcecode.c.h; path = InviteFriendsTableViewController.h; sourceTree = "<group>"; };
		8F9FE4BF1A0C5C85002FA17C /* InviteFriendsTableViewController.m */ = {isa = PBXFileReference; fileEncoding = 4; lastKnownFileType = sourcecode.c.objc; path = InviteFriendsTableViewController.m; sourceTree = "<group>"; };
		8F9FE4C11A0C5E9F002FA17C /* PrefixHeader.pch */ = {isa = PBXFileReference; lastKnownFileType = sourcecode.c.h; name = PrefixHeader.pch; path = ../PrefixHeader.pch; sourceTree = "<group>"; };
		8FB98E591A38B25900A489E0 /* camerabutton.png */ = {isa = PBXFileReference; lastKnownFileType = image.png; name = camerabutton.png; path = images/camerabutton.png; sourceTree = "<group>"; };
		8FB98E5A1A38B25900A489E0 /* goopIcon2x.png */ = {isa = PBXFileReference; lastKnownFileType = image.png; name = goopIcon2x.png; path = images/goopIcon2x.png; sourceTree = "<group>"; };
		8FB98E5B1A38B25900A489E0 /* goopIcon3x.png */ = {isa = PBXFileReference; lastKnownFileType = image.png; name = goopIcon3x.png; path = images/goopIcon3x.png; sourceTree = "<group>"; };
		8FB98E5C1A38B25900A489E0 /* groop.jpg */ = {isa = PBXFileReference; lastKnownFileType = image.jpeg; name = groop.jpg; path = images/groop.jpg; sourceTree = "<group>"; };
		8FB98E5D1A38B25900A489E0 /* humin.jpg */ = {isa = PBXFileReference; lastKnownFileType = image.jpeg; name = humin.jpg; path = images/humin.jpg; sourceTree = "<group>"; };
		8FBB294D1A392C5000099330 /* ActiveLobbiesTableViewCell.h */ = {isa = PBXFileReference; fileEncoding = 4; lastKnownFileType = sourcecode.c.h; path = ActiveLobbiesTableViewCell.h; sourceTree = "<group>"; };
		8FBB294E1A392C5000099330 /* ActiveLobbiesTableViewCell.m */ = {isa = PBXFileReference; fileEncoding = 4; lastKnownFileType = sourcecode.c.objc; path = ActiveLobbiesTableViewCell.m; sourceTree = "<group>"; };
		8FBB29511A392D8300099330 /* ActiveLobbiesTableViewController.h */ = {isa = PBXFileReference; fileEncoding = 4; lastKnownFileType = sourcecode.c.h; path = ActiveLobbiesTableViewController.h; sourceTree = "<group>"; };
		8FBB29521A392D8300099330 /* ActiveLobbiesTableViewController.m */ = {isa = PBXFileReference; fileEncoding = 4; lastKnownFileType = sourcecode.c.objc; path = ActiveLobbiesTableViewController.m; sourceTree = "<group>"; };
		8FBB29541A393A6900099330 /* flash.png */ = {isa = PBXFileReference; lastKnownFileType = image.png; name = flash.png; path = images/flash.png; sourceTree = "<group>"; };
		8FBCDBA11A37C0AC00173591 /* UILabel+Extension.h */ = {isa = PBXFileReference; fileEncoding = 4; lastKnownFileType = sourcecode.c.h; path = "UILabel+Extension.h"; sourceTree = "<group>"; };
		8FBCDBA21A37C0AC00173591 /* UILabel+Extension.m */ = {isa = PBXFileReference; fileEncoding = 4; lastKnownFileType = sourcecode.c.objc; path = "UILabel+Extension.m"; sourceTree = "<group>"; };
		8FBCDBA41A37CCD800173591 /* switch_camera.png */ = {isa = PBXFileReference; lastKnownFileType = image.png; name = switch_camera.png; path = images/switch_camera.png; sourceTree = "<group>"; };
		8FBCDBA61A37D32100173591 /* PageViewController.h */ = {isa = PBXFileReference; fileEncoding = 4; lastKnownFileType = sourcecode.c.h; path = PageViewController.h; sourceTree = "<group>"; };
		8FBCDBA71A37D32100173591 /* PageViewController.m */ = {isa = PBXFileReference; fileEncoding = 4; lastKnownFileType = sourcecode.c.objc; path = PageViewController.m; sourceTree = "<group>"; };
		8FD07F701A0D6E89002BD03C /* Images.xcassets */ = {isa = PBXFileReference; lastKnownFileType = folder.assetcatalog; path = Images.xcassets; sourceTree = "<group>"; };
		8FFB4CE71A05E6A20048A5AC /* AudioToolbox.framework */ = {isa = PBXFileReference; lastKnownFileType = wrapper.framework; name = AudioToolbox.framework; path = System/Library/Frameworks/AudioToolbox.framework; sourceTree = SDKROOT; };
		8FFB4CEA1A05E6D50048A5AC /* Parse.framework */ = {isa = PBXFileReference; lastKnownFileType = wrapper.framework; path = Parse.framework; sourceTree = "<group>"; };
		8FFB4CEC1A05E6E40048A5AC /* Bolts.framework */ = {isa = PBXFileReference; lastKnownFileType = wrapper.framework; path = Bolts.framework; sourceTree = "<group>"; };
		8FFB4CEE1A05E6FC0048A5AC /* CFNetwork.framework */ = {isa = PBXFileReference; lastKnownFileType = wrapper.framework; name = CFNetwork.framework; path = System/Library/Frameworks/CFNetwork.framework; sourceTree = SDKROOT; };
		8FFB4CF01A05E7070048A5AC /* CoreGraphics.framework */ = {isa = PBXFileReference; lastKnownFileType = wrapper.framework; name = CoreGraphics.framework; path = System/Library/Frameworks/CoreGraphics.framework; sourceTree = SDKROOT; };
		8FFB4CF21A05E70D0048A5AC /* CoreLocation.framework */ = {isa = PBXFileReference; lastKnownFileType = wrapper.framework; name = CoreLocation.framework; path = System/Library/Frameworks/CoreLocation.framework; sourceTree = SDKROOT; };
		8FFB4CF41A05E7130048A5AC /* libz.dylib */ = {isa = PBXFileReference; lastKnownFileType = "compiled.mach-o.dylib"; name = libz.dylib; path = usr/lib/libz.dylib; sourceTree = SDKROOT; };
		8FFB4CF61A05E7180048A5AC /* MobileCoreServices.framework */ = {isa = PBXFileReference; lastKnownFileType = wrapper.framework; name = MobileCoreServices.framework; path = System/Library/Frameworks/MobileCoreServices.framework; sourceTree = SDKROOT; };
		8FFB4CF81A05E71E0048A5AC /* QuartzCore.framework */ = {isa = PBXFileReference; lastKnownFileType = wrapper.framework; name = QuartzCore.framework; path = System/Library/Frameworks/QuartzCore.framework; sourceTree = SDKROOT; };
		8FFB4CFA1A05E7240048A5AC /* Security.framework */ = {isa = PBXFileReference; lastKnownFileType = wrapper.framework; name = Security.framework; path = System/Library/Frameworks/Security.framework; sourceTree = SDKROOT; };
		8FFB4CFC1A05E7290048A5AC /* StoreKit.framework */ = {isa = PBXFileReference; lastKnownFileType = wrapper.framework; name = StoreKit.framework; path = System/Library/Frameworks/StoreKit.framework; sourceTree = SDKROOT; };
		8FFB4CFE1A05E7310048A5AC /* SystemConfiguration.framework */ = {isa = PBXFileReference; lastKnownFileType = wrapper.framework; name = SystemConfiguration.framework; path = System/Library/Frameworks/SystemConfiguration.framework; sourceTree = SDKROOT; };
		8FFB4D001A073A600048A5AC /* User.h */ = {isa = PBXFileReference; fileEncoding = 4; lastKnownFileType = sourcecode.c.h; path = User.h; sourceTree = "<group>"; };
		8FFB4D011A073A600048A5AC /* User.m */ = {isa = PBXFileReference; fileEncoding = 4; lastKnownFileType = sourcecode.c.objc; path = User.m; sourceTree = "<group>"; };
		8FFB4D031A0740610048A5AC /* LobbyManager.h */ = {isa = PBXFileReference; fileEncoding = 4; lastKnownFileType = sourcecode.c.h; path = LobbyManager.h; sourceTree = "<group>"; };
		8FFB4D041A0740610048A5AC /* LobbyManager.m */ = {isa = PBXFileReference; fileEncoding = 4; lastKnownFileType = sourcecode.c.objc; path = LobbyManager.m; sourceTree = "<group>"; };
		8FFB4D061A0740890048A5AC /* Photo.h */ = {isa = PBXFileReference; fileEncoding = 4; lastKnownFileType = sourcecode.c.h; path = Photo.h; sourceTree = "<group>"; };
		8FFB4D071A0740890048A5AC /* Photo.m */ = {isa = PBXFileReference; fileEncoding = 4; lastKnownFileType = sourcecode.c.objc; path = Photo.m; sourceTree = "<group>"; };
		8FFB4D091A0753D90048A5AC /* Twitter.framework */ = {isa = PBXFileReference; lastKnownFileType = wrapper.framework; name = Twitter.framework; path = System/Library/Frameworks/Twitter.framework; sourceTree = SDKROOT; };
		8FFB4D0D1A07544A0048A5AC /* Social.framework */ = {isa = PBXFileReference; lastKnownFileType = wrapper.framework; name = Social.framework; path = System/Library/Frameworks/Social.framework; sourceTree = SDKROOT; };
		8FFB4D0F1A0754530048A5AC /* Accounts.framework */ = {isa = PBXFileReference; lastKnownFileType = wrapper.framework; name = Accounts.framework; path = System/Library/Frameworks/Accounts.framework; sourceTree = SDKROOT; };
/* End PBXFileReference section */

/* Begin PBXFrameworksBuildPhase section */
		8F040B9819EF60D20066F2F4 /* Frameworks */ = {
			isa = PBXFrameworksBuildPhase;
			buildActionMask = 2147483647;
			files = (
				8F1189151A0F02CD00873865 /* MapKit.framework in Frameworks */,
				8F1189131A0F02BD00873865 /* UIKit.framework in Frameworks */,
				8F1189111A0F02B500873865 /* MessageUI.framework in Frameworks */,
				8F11890F1A0F02AE00873865 /* ImageIO.framework in Frameworks */,
				8F11890D1A0F02A500873865 /* AssetsLibrary.framework in Frameworks */,
				8FFB4D101A0754530048A5AC /* Accounts.framework in Frameworks */,
				8FFB4D0E1A07544A0048A5AC /* Social.framework in Frameworks */,
				8FFB4D0A1A0753D90048A5AC /* Twitter.framework in Frameworks */,
				8FFB4CFF1A05E7310048A5AC /* SystemConfiguration.framework in Frameworks */,
				8FFB4CFD1A05E7290048A5AC /* StoreKit.framework in Frameworks */,
				8F869F341A0B22BD00429432 /* ParseFacebookUtils.framework in Frameworks */,
				8FFB4CFB1A05E7240048A5AC /* Security.framework in Frameworks */,
				8FFB4CF91A05E71E0048A5AC /* QuartzCore.framework in Frameworks */,
				8F7DB1641A0D5C28008A1C7E /* FacebookSDK.framework in Frameworks */,
				8FFB4CF71A05E7180048A5AC /* MobileCoreServices.framework in Frameworks */,
				8FFB4CF51A05E7130048A5AC /* libz.dylib in Frameworks */,
				8FFB4CF31A05E70D0048A5AC /* CoreLocation.framework in Frameworks */,
				8FFB4CF11A05E7070048A5AC /* CoreGraphics.framework in Frameworks */,
				8FFB4CEF1A05E6FC0048A5AC /* CFNetwork.framework in Frameworks */,
				8FFB4CED1A05E6E40048A5AC /* Bolts.framework in Frameworks */,
				8FFB4CEB1A05E6D50048A5AC /* Parse.framework in Frameworks */,
				8FFB4CE81A05E6A20048A5AC /* AudioToolbox.framework in Frameworks */,
			);
			runOnlyForDeploymentPostprocessing = 0;
		};
		8F040BB419EF60D30066F2F4 /* Frameworks */ = {
			isa = PBXFrameworksBuildPhase;
			buildActionMask = 2147483647;
			files = (
			);
			runOnlyForDeploymentPostprocessing = 0;
		};
/* End PBXFrameworksBuildPhase section */

/* Begin PBXGroup section */
		8F040B9219EF60D20066F2F4 = {
			isa = PBXGroup;
			children = (
				8F1188821A0EFF7D00873865 /* Classes */,
				8F1188961A0EFF7D00873865 /* Libraries */,
				8F11890A1A0EFF8700873865 /* MWPhotoBrowser.bundle */,
				8FFB4CE91A05E6BA0048A5AC /* Frameworks */,
				8F040B9D19EF60D20066F2F4 /* Groop */,
				8F040BBA19EF60D30066F2F4 /* GroopTests */,
				8F040B9C19EF60D20066F2F4 /* Products */,
			);
			sourceTree = "<group>";
		};
		8F040B9C19EF60D20066F2F4 /* Products */ = {
			isa = PBXGroup;
			children = (
				8F040B9B19EF60D20066F2F4 /* Groop.app */,
				8F040BB719EF60D30066F2F4 /* GroopTests.xctest */,
			);
			name = Products;
			sourceTree = "<group>";
		};
		8F040B9D19EF60D20066F2F4 /* Groop */ = {
			isa = PBXGroup;
			children = (
				8F29D50B1A366DF3005101E5 /* images */,
				8F7DB1651A0D6932008A1C7E /* AVCamPreviewView.h */,
				8F7DB1661A0D6932008A1C7E /* AVCamPreviewView.m */,
				8F040BA219EF60D20066F2F4 /* AppDelegate.h */,
				8F040BA319EF60D20066F2F4 /* AppDelegate.m */,
				8F040BAB19EF60D20066F2F4 /* Main.storyboard */,
				8F5F9EAF1A3A3939007CCBDC /* Dismiss.h */,
				8F5F9EB01A3A3939007CCBDC /* Dismiss.m */,
				8FBB29511A392D8300099330 /* ActiveLobbiesTableViewController.h */,
				8FBB29521A392D8300099330 /* ActiveLobbiesTableViewController.m */,
				8FBCDBA61A37D32100173591 /* PageViewController.h */,
				8FBCDBA71A37D32100173591 /* PageViewController.m */,
				8F7DB1601A0D58EC008A1C7E /* CameraViewController.h */,
				8F7DB1611A0D58EC008A1C7E /* CameraViewController.m */,
				8F040BC719EF62580066F2F4 /* LobbiesTableViewController.h */,
				8F040BC819EF62580066F2F4 /* LobbiesTableViewController.m */,
				8FBB29501A392C5F00099330 /* TableViewCells */,
				8F9FE4BE1A0C5C85002FA17C /* InviteFriendsTableViewController.h */,
				8F9FE4BF1A0C5C85002FA17C /* InviteFriendsTableViewController.m */,
				8F629B0D1A0C19E00020C0CF /* CreateLobbyViewController.h */,
				8F629B0E1A0C19E00020C0CF /* CreateLobbyViewController.m */,
				8F869F301A0B220400429432 /* LoginViewController.h */,
				8F869F311A0B220400429432 /* LoginViewController.m */,
				8F040BCA19EF66790066F2F4 /* LobbyAlbumViewController.h */,
				8F040BCB19EF66790066F2F4 /* LobbyAlbumViewController.m */,
				8F629B0A1A0BF7280020C0CF /* FBEventsTableViewController.h */,
				8F629B0B1A0BF7280020C0CF /* FBEventsTableViewController.m */,
				8F16CD631A1324C600EF2243 /* PhotoBrowserViewController.h */,
				8F16CD641A1324C600EF2243 /* PhotoBrowserViewController.m */,
				8FFB4D001A073A600048A5AC /* User.h */,
				8FFB4D011A073A600048A5AC /* User.m */,
				8FFB4D031A0740610048A5AC /* LobbyManager.h */,
				8FFB4D041A0740610048A5AC /* LobbyManager.m */,
				8F305EC41A12C6BD00959DE5 /* CameraRollWorker.h */,
				8F305EC51A12C6BD00959DE5 /* CameraRollWorker.m */,
				8FFB4D061A0740890048A5AC /* Photo.h */,
				8FFB4D071A0740890048A5AC /* Photo.m */,
				8FBCDBA11A37C0AC00173591 /* UILabel+Extension.h */,
				8FBCDBA21A37C0AC00173591 /* UILabel+Extension.m */,
				8FD07F701A0D6E89002BD03C /* Images.xcassets */,
				8F040BB019EF60D20066F2F4 /* LaunchScreen.xib */,
				8F040BA519EF60D20066F2F4 /* Groop.xcdatamodeld */,
				8F040B9E19EF60D20066F2F4 /* Supporting Files */,
			);
			path = Groop;
			sourceTree = "<group>";
		};
		8F040B9E19EF60D20066F2F4 /* Supporting Files */ = {
			isa = PBXGroup;
			children = (
				8F9FE4C11A0C5E9F002FA17C /* PrefixHeader.pch */,
				8F040B9F19EF60D20066F2F4 /* Info.plist */,
				8F040BA019EF60D20066F2F4 /* main.m */,
			);
			name = "Supporting Files";
			sourceTree = "<group>";
		};
		8F040BBA19EF60D30066F2F4 /* GroopTests */ = {
			isa = PBXGroup;
			children = (
				8F040BBD19EF60D30066F2F4 /* GroopTests.m */,
				8F040BBB19EF60D30066F2F4 /* Supporting Files */,
			);
			path = GroopTests;
			sourceTree = "<group>";
		};
		8F040BBB19EF60D30066F2F4 /* Supporting Files */ = {
			isa = PBXGroup;
			children = (
				8F040BBC19EF60D30066F2F4 /* Info.plist */,
			);
			name = "Supporting Files";
			sourceTree = "<group>";
		};
		8F1188821A0EFF7D00873865 /* Classes */ = {
			isa = PBXGroup;
			children = (
				8F1188831A0EFF7D00873865 /* MWCaptionView.h */,
				8F1188841A0EFF7D00873865 /* MWCaptionView.m */,
				8F1188851A0EFF7D00873865 /* MWCommon.h */,
				8F1188861A0EFF7D00873865 /* MWGridCell.h */,
				8F1188871A0EFF7D00873865 /* MWGridCell.m */,
				8F1188881A0EFF7D00873865 /* MWGridViewController.h */,
				8F1188891A0EFF7D00873865 /* MWGridViewController.m */,
				8F11888A1A0EFF7D00873865 /* MWPhoto.h */,
				8F11888B1A0EFF7D00873865 /* MWPhoto.m */,
				8F11888C1A0EFF7D00873865 /* MWPhotoBrowser.h */,
				8F11888D1A0EFF7D00873865 /* MWPhotoBrowser.m */,
				8F11888E1A0EFF7D00873865 /* MWPhotoBrowserPrivate.h */,
				8F11888F1A0EFF7D00873865 /* MWPhotoProtocol.h */,
				8F1188901A0EFF7D00873865 /* MWTapDetectingImageView.h */,
				8F1188911A0EFF7D00873865 /* MWTapDetectingImageView.m */,
				8F1188921A0EFF7D00873865 /* MWTapDetectingView.h */,
				8F1188931A0EFF7D00873865 /* MWTapDetectingView.m */,
				8F1188941A0EFF7D00873865 /* MWZoomingScrollView.h */,
				8F1188951A0EFF7D00873865 /* MWZoomingScrollView.m */,
			);
			path = Classes;
			sourceTree = "<group>";
		};
		8F1188961A0EFF7D00873865 /* Libraries */ = {
			isa = PBXGroup;
			children = (
				8F1188971A0EFF7D00873865 /* DACircularProgress */,
				8F11889A1A0EFF7D00873865 /* MBProgressHUD */,
				8F11889E1A0EFF7D00873865 /* PSTCollectionView */,
				8F1188BB1A0EFF7D00873865 /* SDWebImage */,
			);
			path = Libraries;
			sourceTree = "<group>";
		};
		8F1188971A0EFF7D00873865 /* DACircularProgress */ = {
			isa = PBXGroup;
			children = (
				8F1188981A0EFF7D00873865 /* DACircularProgressView.h */,
				8F1188991A0EFF7D00873865 /* DACircularProgressView.m */,
			);
			path = DACircularProgress;
			sourceTree = "<group>";
		};
		8F11889A1A0EFF7D00873865 /* MBProgressHUD */ = {
			isa = PBXGroup;
			children = (
				8F11889B1A0EFF7D00873865 /* MBProgressHUD.h */,
				8F11889C1A0EFF7D00873865 /* MBProgressHUD.m */,
			);
			path = MBProgressHUD;
			sourceTree = "<group>";
		};
		8F11889E1A0EFF7D00873865 /* PSTCollectionView */ = {
			isa = PBXGroup;
			children = (
				8F11889F1A0EFF7D00873865 /* NSIndexPath+PSTCollectionViewAdditions.h */,
				8F1188A01A0EFF7D00873865 /* NSIndexPath+PSTCollectionViewAdditions.m */,
				8F1188A11A0EFF7D00873865 /* PSTCollectionView.h */,
				8F1188A21A0EFF7D00873865 /* PSTCollectionView.m */,
				8F1188A31A0EFF7D00873865 /* PSTCollectionViewCell.h */,
				8F1188A41A0EFF7D00873865 /* PSTCollectionViewCell.m */,
				8F1188A51A0EFF7D00873865 /* PSTCollectionViewCommon.h */,
				8F1188A61A0EFF7D00873865 /* PSTCollectionViewController.h */,
				8F1188A71A0EFF7D00873865 /* PSTCollectionViewController.m */,
				8F1188A81A0EFF7D00873865 /* PSTCollectionViewData.h */,
				8F1188A91A0EFF7D00873865 /* PSTCollectionViewData.m */,
				8F1188AA1A0EFF7D00873865 /* PSTCollectionViewFlowLayout.h */,
				8F1188AB1A0EFF7D00873865 /* PSTCollectionViewFlowLayout.m */,
				8F1188AC1A0EFF7D00873865 /* PSTCollectionViewItemKey.h */,
				8F1188AD1A0EFF7D00873865 /* PSTCollectionViewItemKey.m */,
				8F1188AE1A0EFF7D00873865 /* PSTCollectionViewLayout+Internals.h */,
				8F1188AF1A0EFF7D00873865 /* PSTCollectionViewLayout.h */,
				8F1188B01A0EFF7D00873865 /* PSTCollectionViewLayout.m */,
				8F1188B11A0EFF7D00873865 /* PSTCollectionViewUpdateItem.h */,
				8F1188B21A0EFF7D00873865 /* PSTCollectionViewUpdateItem.m */,
				8F1188B31A0EFF7D00873865 /* PSTGridLayoutInfo.h */,
				8F1188B41A0EFF7D00873865 /* PSTGridLayoutInfo.m */,
				8F1188B51A0EFF7D00873865 /* PSTGridLayoutItem.h */,
				8F1188B61A0EFF7D00873865 /* PSTGridLayoutItem.m */,
				8F1188B71A0EFF7D00873865 /* PSTGridLayoutRow.h */,
				8F1188B81A0EFF7D00873865 /* PSTGridLayoutRow.m */,
				8F1188B91A0EFF7D00873865 /* PSTGridLayoutSection.h */,
				8F1188BA1A0EFF7D00873865 /* PSTGridLayoutSection.m */,
			);
			path = PSTCollectionView;
			sourceTree = "<group>";
		};
		8F1188BB1A0EFF7D00873865 /* SDWebImage */ = {
			isa = PBXGroup;
			children = (
				8F1188BC1A0EFF7D00873865 /* LICENSE */,
				8F1188BE1A0EFF7D00873865 /* SDWebImage */,
			);
			path = SDWebImage;
			sourceTree = "<group>";
		};
		8F1188BE1A0EFF7D00873865 /* SDWebImage */ = {
			isa = PBXGroup;
			children = (
				8F1188BF1A0EFF7D00873865 /* MKAnnotationView+WebCache.h */,
				8F1188C01A0EFF7D00873865 /* MKAnnotationView+WebCache.m */,
				8F1188C11A0EFF7D00873865 /* NSData+ImageContentType.h */,
				8F1188C21A0EFF7D00873865 /* NSData+ImageContentType.m */,
				8F1188C31A0EFF7D00873865 /* SDImageCache.h */,
				8F1188C41A0EFF7D00873865 /* SDImageCache.m */,
				8F1188C51A0EFF7D00873865 /* SDWebImageCompat.h */,
				8F1188C61A0EFF7D00873865 /* SDWebImageCompat.m */,
				8F1188C71A0EFF7D00873865 /* SDWebImageDecoder.h */,
				8F1188C81A0EFF7D00873865 /* SDWebImageDecoder.m */,
				8F1188C91A0EFF7D00873865 /* SDWebImageDownloader.h */,
				8F1188CA1A0EFF7D00873865 /* SDWebImageDownloader.m */,
				8F1188CB1A0EFF7D00873865 /* SDWebImageDownloaderOperation.h */,
				8F1188CC1A0EFF7D00873865 /* SDWebImageDownloaderOperation.m */,
				8F1188CD1A0EFF7D00873865 /* SDWebImageManager.h */,
				8F1188CE1A0EFF7D00873865 /* SDWebImageManager.m */,
				8F1188CF1A0EFF7D00873865 /* SDWebImageOperation.h */,
				8F1188D01A0EFF7D00873865 /* SDWebImagePrefetcher.h */,
				8F1188D11A0EFF7D00873865 /* SDWebImagePrefetcher.m */,
				8F1188D21A0EFF7D00873865 /* UIButton+WebCache.h */,
				8F1188D31A0EFF7D00873865 /* UIButton+WebCache.m */,
				8F1188D41A0EFF7D00873865 /* UIImage+GIF.h */,
				8F1188D51A0EFF7D00873865 /* UIImage+GIF.m */,
				8F1188D61A0EFF7D00873865 /* UIImage+MultiFormat.h */,
				8F1188D71A0EFF7D00873865 /* UIImage+MultiFormat.m */,
				8F1188D81A0EFF7D00873865 /* UIImage+WebP.h */,
				8F1188D91A0EFF7D00873865 /* UIImage+WebP.m */,
				8F1188DA1A0EFF7D00873865 /* UIImageView+HighlightedWebCache.h */,
				8F1188DB1A0EFF7D00873865 /* UIImageView+HighlightedWebCache.m */,
				8F1188DC1A0EFF7D00873865 /* UIImageView+WebCache.h */,
				8F1188DD1A0EFF7D00873865 /* UIImageView+WebCache.m */,
				8F1188DE1A0EFF7D00873865 /* UIView+WebCacheOperation.h */,
				8F1188DF1A0EFF7D00873865 /* UIView+WebCacheOperation.m */,
			);
			path = SDWebImage;
			sourceTree = "<group>";
		};
		8F29D50B1A366DF3005101E5 /* images */ = {
			isa = PBXGroup;
			children = (
				8F5F9EB21A3A4667007CCBDC /* inbox.png */,
				8FBB29541A393A6900099330 /* flash.png */,
				8FBCDBA41A37CCD800173591 /* switch_camera.png */,
				8F29D5221A369141005101E5 /* GillSansStd-Bold.otf */,
				8F29D50C1A3687CE005101E5 /* active_icon.png */,
				8F29D50D1A3687CE005101E5 /* add_icon.png */,
				8F29D50E1A3687CE005101E5 /* back_icon.png */,
				8F29D50F1A3687CE005101E5 /* camera_icon.png */,
				8F29D5101A3687CE005101E5 /* groop_app_icon.png */,
				8F29D5111A3687CE005101E5 /* groop_logo.png */,
				8F29D5121A3687CE005101E5 /* groop_logoMark.png */,
				8F29D5131A3687CE005101E5 /* login_background.png */,
				8F29D5141A3687CE005101E5 /* members_icon.png */,
				8F29D5151A3687CE005101E5 /* photo_icon.png */,
				8F29D5161A3687CE005101E5 /* settings_icon.png */,
				8FB98E591A38B25900A489E0 /* camerabutton.png */,
				8FB98E5A1A38B25900A489E0 /* goopIcon2x.png */,
				8FB98E5B1A38B25900A489E0 /* goopIcon3x.png */,
				8FB98E5C1A38B25900A489E0 /* groop.jpg */,
				8FB98E5D1A38B25900A489E0 /* humin.jpg */,
				8F29D5241A369667005101E5 /* GillSansStd.otf */,
			);
			name = images;
			sourceTree = "<group>";
		};
		8FBB29501A392C5F00099330 /* TableViewCells */ = {
			isa = PBXGroup;
			children = (
				8F305EBF1A12B1B500959DE5 /* LobbyCell.h */,
				8F305EC01A12B1B500959DE5 /* LobbyCell.m */,
				8FBB294D1A392C5000099330 /* ActiveLobbiesTableViewCell.h */,
				8FBB294E1A392C5000099330 /* ActiveLobbiesTableViewCell.m */,
			);
			name = TableViewCells;
			sourceTree = "<group>";
		};
		8FFB4CE91A05E6BA0048A5AC /* Frameworks */ = {
			isa = PBXGroup;
			children = (
				8F1189141A0F02CD00873865 /* MapKit.framework */,
				8F1189121A0F02BD00873865 /* UIKit.framework */,
				8F1189101A0F02B500873865 /* MessageUI.framework */,
				8F11890E1A0F02AE00873865 /* ImageIO.framework */,
				8F11890C1A0F02A500873865 /* AssetsLibrary.framework */,
				8F7DB1631A0D5C28008A1C7E /* FacebookSDK.framework */,
				8F869F331A0B22BD00429432 /* ParseFacebookUtils.framework */,
				8FFB4D0F1A0754530048A5AC /* Accounts.framework */,
				8FFB4D0D1A07544A0048A5AC /* Social.framework */,
				8FFB4D091A0753D90048A5AC /* Twitter.framework */,
				8FFB4CFE1A05E7310048A5AC /* SystemConfiguration.framework */,
				8FFB4CFC1A05E7290048A5AC /* StoreKit.framework */,
				8FFB4CFA1A05E7240048A5AC /* Security.framework */,
				8FFB4CF81A05E71E0048A5AC /* QuartzCore.framework */,
				8FFB4CF61A05E7180048A5AC /* MobileCoreServices.framework */,
				8FFB4CF41A05E7130048A5AC /* libz.dylib */,
				8FFB4CF21A05E70D0048A5AC /* CoreLocation.framework */,
				8FFB4CF01A05E7070048A5AC /* CoreGraphics.framework */,
				8FFB4CEE1A05E6FC0048A5AC /* CFNetwork.framework */,
				8FFB4CEC1A05E6E40048A5AC /* Bolts.framework */,
				8FFB4CEA1A05E6D50048A5AC /* Parse.framework */,
				8FFB4CE71A05E6A20048A5AC /* AudioToolbox.framework */,
			);
			name = Frameworks;
			sourceTree = "<group>";
		};
/* End PBXGroup section */

/* Begin PBXNativeTarget section */
		8F040B9A19EF60D20066F2F4 /* Groop */ = {
			isa = PBXNativeTarget;
			buildConfigurationList = 8F040BC119EF60D30066F2F4 /* Build configuration list for PBXNativeTarget "Groop" */;
			buildPhases = (
				8F040B9719EF60D20066F2F4 /* Sources */,
				8F040B9819EF60D20066F2F4 /* Frameworks */,
				8F040B9919EF60D20066F2F4 /* Resources */,
			);
			buildRules = (
			);
			dependencies = (
			);
			name = Groop;
			productName = Groop;
			productReference = 8F040B9B19EF60D20066F2F4 /* Groop.app */;
			productType = "com.apple.product-type.application";
		};
		8F040BB619EF60D30066F2F4 /* GroopTests */ = {
			isa = PBXNativeTarget;
			buildConfigurationList = 8F040BC419EF60D30066F2F4 /* Build configuration list for PBXNativeTarget "GroopTests" */;
			buildPhases = (
				8F040BB319EF60D30066F2F4 /* Sources */,
				8F040BB419EF60D30066F2F4 /* Frameworks */,
				8F040BB519EF60D30066F2F4 /* Resources */,
			);
			buildRules = (
			);
			dependencies = (
				8F040BB919EF60D30066F2F4 /* PBXTargetDependency */,
			);
			name = GroopTests;
			productName = GroopTests;
			productReference = 8F040BB719EF60D30066F2F4 /* GroopTests.xctest */;
			productType = "com.apple.product-type.bundle.unit-test";
		};
/* End PBXNativeTarget section */

/* Begin PBXProject section */
		8F040B9319EF60D20066F2F4 /* Project object */ = {
			isa = PBXProject;
			attributes = {
				LastUpgradeCheck = 0600;
				ORGANIZATIONNAME = "Mayank Jain";
				TargetAttributes = {
					8F040B9A19EF60D20066F2F4 = {
						CreatedOnToolsVersion = 6.0.1;
						DevelopmentTeam = 9C8EQ3DGNG;
					};
					8F040BB619EF60D30066F2F4 = {
						CreatedOnToolsVersion = 6.0.1;
						TestTargetID = 8F040B9A19EF60D20066F2F4;
					};
				};
			};
			buildConfigurationList = 8F040B9619EF60D20066F2F4 /* Build configuration list for PBXProject "Groop" */;
			compatibilityVersion = "Xcode 3.2";
			developmentRegion = English;
			hasScannedForEncodings = 0;
			knownRegions = (
				en,
				Base,
				he,
			);
			mainGroup = 8F040B9219EF60D20066F2F4;
			productRefGroup = 8F040B9C19EF60D20066F2F4 /* Products */;
			projectDirPath = "";
			projectRoot = "";
			targets = (
				8F040B9A19EF60D20066F2F4 /* Groop */,
				8F040BB619EF60D30066F2F4 /* GroopTests */,
			);
		};
/* End PBXProject section */

/* Begin PBXResourcesBuildPhase section */
		8F040B9919EF60D20066F2F4 /* Resources */ = {
			isa = PBXResourcesBuildPhase;
			buildActionMask = 2147483647;
			files = (
				8F5F9EB31A3A4667007CCBDC /* inbox.png in Resources */,
				8F040BAD19EF60D20066F2F4 /* Main.storyboard in Resources */,
				8FB98E5F1A38B25900A489E0 /* goopIcon2x.png in Resources */,
				8F29D51A1A3687CE005101E5 /* camera_icon.png in Resources */,
				8F29D5171A3687CE005101E5 /* active_icon.png in Resources */,
				8FD07F711A0D6E89002BD03C /* Images.xcassets in Resources */,
				8F29D5211A3687CE005101E5 /* settings_icon.png in Resources */,
				8F040BB219EF60D20066F2F4 /* LaunchScreen.xib in Resources */,
				8FBCDBA51A37CCD800173591 /* switch_camera.png in Resources */,
				8F29D51E1A3687CE005101E5 /* login_background.png in Resources */,
				8F1188F81A0EFF7D00873865 /* LICENSE in Resources */,
				8F29D5191A3687CE005101E5 /* back_icon.png in Resources */,
				8F29D51C1A3687CE005101E5 /* groop_logo.png in Resources */,
				8F29D5201A3687CE005101E5 /* photo_icon.png in Resources */,
				8F29D51F1A3687CE005101E5 /* members_icon.png in Resources */,
				8FB98E5E1A38B25900A489E0 /* camerabutton.png in Resources */,
				8F29D5231A369141005101E5 /* GillSansStd-Bold.otf in Resources */,
				8FB98E611A38B25900A489E0 /* groop.jpg in Resources */,
				8F29D5181A3687CE005101E5 /* add_icon.png in Resources */,
				8FB98E601A38B25900A489E0 /* goopIcon3x.png in Resources */,
				8FB98E621A38B25900A489E0 /* humin.jpg in Resources */,
				8F11890B1A0EFF8700873865 /* MWPhotoBrowser.bundle in Resources */,
				8F29D5251A369667005101E5 /* GillSansStd.otf in Resources */,
				8F29D51D1A3687CE005101E5 /* groop_logoMark.png in Resources */,
				8FBB29551A393A6900099330 /* flash.png in Resources */,
				8F29D51B1A3687CE005101E5 /* groop_app_icon.png in Resources */,
			);
			runOnlyForDeploymentPostprocessing = 0;
		};
		8F040BB519EF60D30066F2F4 /* Resources */ = {
			isa = PBXResourcesBuildPhase;
			buildActionMask = 2147483647;
			files = (
			);
			runOnlyForDeploymentPostprocessing = 0;
		};
/* End PBXResourcesBuildPhase section */

/* Begin PBXSourcesBuildPhase section */
		8F040B9719EF60D20066F2F4 /* Sources */ = {
			isa = PBXSourcesBuildPhase;
			buildActionMask = 2147483647;
			files = (
				8F1189031A0EFF7D00873865 /* UIButton+WebCache.m in Sources */,
				8F040BA419EF60D20066F2F4 /* AppDelegate.m in Sources */,
				8F305EC11A12B1B500959DE5 /* LobbyCell.m in Sources */,
				8FBCDBA81A37D32100173591 /* PageViewController.m in Sources */,
				8F1188EC1A0EFF7D00873865 /* PSTCollectionView.m in Sources */,
				8FBB294F1A392C5000099330 /* ActiveLobbiesTableViewCell.m in Sources */,
				8F1188E11A0EFF7D00873865 /* MWGridCell.m in Sources */,
				8FFB4D021A073A600048A5AC /* User.m in Sources */,
				8F1189071A0EFF7D00873865 /* UIImageView+HighlightedWebCache.m in Sources */,
				8FFB4D051A0740610048A5AC /* LobbyManager.m in Sources */,
				8F1188FB1A0EFF7D00873865 /* NSData+ImageContentType.m in Sources */,
				8F1188E21A0EFF7D00873865 /* MWGridViewController.m in Sources */,
				8F9FE4C01A0C5C85002FA17C /* InviteFriendsTableViewController.m in Sources */,
				8FFB4D081A0740890048A5AC /* Photo.m in Sources */,
				8F1188EF1A0EFF7D00873865 /* PSTCollectionViewData.m in Sources */,
				8F1188E91A0EFF7D00873865 /* MBProgressHUD.m in Sources */,
				8F1188EE1A0EFF7D00873865 /* PSTCollectionViewController.m in Sources */,
				8F1188FD1A0EFF7D00873865 /* SDWebImageCompat.m in Sources */,
				8F1189011A0EFF7D00873865 /* SDWebImageManager.m in Sources */,
				8F1188F11A0EFF7D00873865 /* PSTCollectionViewItemKey.m in Sources */,
				8F1188FC1A0EFF7D00873865 /* SDImageCache.m in Sources */,
				8F1188F31A0EFF7D00873865 /* PSTCollectionViewUpdateItem.m in Sources */,
				8F1188FE1A0EFF7D00873865 /* SDWebImageDecoder.m in Sources */,
				8F7DB1621A0D58EC008A1C7E /* CameraViewController.m in Sources */,
				8F1188F01A0EFF7D00873865 /* PSTCollectionViewFlowLayout.m in Sources */,
				8F1188FF1A0EFF7D00873865 /* SDWebImageDownloader.m in Sources */,
				8F5F9EB11A3A3939007CCBDC /* Dismiss.m in Sources */,
				8FBCDBA31A37C0AC00173591 /* UILabel+Extension.m in Sources */,
				8F869F321A0B220400429432 /* LoginViewController.m in Sources */,
				8FBB29531A392D8300099330 /* ActiveLobbiesTableViewController.m in Sources */,
				8F629B0C1A0BF7280020C0CF /* FBEventsTableViewController.m in Sources */,
				8F040BA119EF60D20066F2F4 /* main.m in Sources */,
				8F1189051A0EFF7D00873865 /* UIImage+MultiFormat.m in Sources */,
				8F1188E01A0EFF7D00873865 /* MWCaptionView.m in Sources */,
				8F1189061A0EFF7D00873865 /* UIImage+WebP.m in Sources */,
				8F040BCC19EF66790066F2F4 /* LobbyAlbumViewController.m in Sources */,
				8F629B0F1A0C19E00020C0CF /* CreateLobbyViewController.m in Sources */,
				8F1188ED1A0EFF7D00873865 /* PSTCollectionViewCell.m in Sources */,
				8F040BC919EF62580066F2F4 /* LobbiesTableViewController.m in Sources */,
				8F040BA719EF60D20066F2F4 /* Groop.xcdatamodeld in Sources */,
				8F1188F61A0EFF7D00873865 /* PSTGridLayoutRow.m in Sources */,
				8F1188F51A0EFF7D00873865 /* PSTGridLayoutItem.m in Sources */,
				8F1188EB1A0EFF7D00873865 /* NSIndexPath+PSTCollectionViewAdditions.m in Sources */,
				8F1189091A0EFF7D00873865 /* UIView+WebCacheOperation.m in Sources */,
				8F1189021A0EFF7D00873865 /* SDWebImagePrefetcher.m in Sources */,
				8F1188F71A0EFF7D00873865 /* PSTGridLayoutSection.m in Sources */,
				8F1188E31A0EFF7D00873865 /* MWPhoto.m in Sources */,
				8F1188E71A0EFF7D00873865 /* MWZoomingScrollView.m in Sources */,
				8F1189041A0EFF7D00873865 /* UIImage+GIF.m in Sources */,
				8F16CD651A1324C600EF2243 /* PhotoBrowserViewController.m in Sources */,
				8F1188E61A0EFF7D00873865 /* MWTapDetectingView.m in Sources */,
				8F1188FA1A0EFF7D00873865 /* MKAnnotationView+WebCache.m in Sources */,
				8F1188E81A0EFF7D00873865 /* DACircularProgressView.m in Sources */,
				8F305EC61A12C6BD00959DE5 /* CameraRollWorker.m in Sources */,
				8F1189001A0EFF7D00873865 /* SDWebImageDownloaderOperation.m in Sources */,
				8F1188F21A0EFF7D00873865 /* PSTCollectionViewLayout.m in Sources */,
				8F7DB1671A0D6932008A1C7E /* AVCamPreviewView.m in Sources */,
				8F1189081A0EFF7D00873865 /* UIImageView+WebCache.m in Sources */,
				8F1188E51A0EFF7D00873865 /* MWTapDetectingImageView.m in Sources */,
				8F1188E41A0EFF7D00873865 /* MWPhotoBrowser.m in Sources */,
				8F1188F41A0EFF7D00873865 /* PSTGridLayoutInfo.m in Sources */,
			);
			runOnlyForDeploymentPostprocessing = 0;
		};
		8F040BB319EF60D30066F2F4 /* Sources */ = {
			isa = PBXSourcesBuildPhase;
			buildActionMask = 2147483647;
			files = (
				8F040BBE19EF60D30066F2F4 /* GroopTests.m in Sources */,
			);
			runOnlyForDeploymentPostprocessing = 0;
		};
/* End PBXSourcesBuildPhase section */

/* Begin PBXTargetDependency section */
		8F040BB919EF60D30066F2F4 /* PBXTargetDependency */ = {
			isa = PBXTargetDependency;
			target = 8F040B9A19EF60D20066F2F4 /* Groop */;
			targetProxy = 8F040BB819EF60D30066F2F4 /* PBXContainerItemProxy */;
		};
/* End PBXTargetDependency section */

/* Begin PBXVariantGroup section */
		8F040BAB19EF60D20066F2F4 /* Main.storyboard */ = {
			isa = PBXVariantGroup;
			children = (
				8F040BAC19EF60D20066F2F4 /* Base */,
			);
			name = Main.storyboard;
			sourceTree = "<group>";
		};
		8F040BB019EF60D20066F2F4 /* LaunchScreen.xib */ = {
			isa = PBXVariantGroup;
			children = (
				8F040BB119EF60D20066F2F4 /* Base */,
			);
			name = LaunchScreen.xib;
			sourceTree = "<group>";
		};
/* End PBXVariantGroup section */

/* Begin XCBuildConfiguration section */
		8F040BBF19EF60D30066F2F4 /* Debug */ = {
			isa = XCBuildConfiguration;
			buildSettings = {
				ALWAYS_SEARCH_USER_PATHS = NO;
				CLANG_CXX_LANGUAGE_STANDARD = "gnu++0x";
				CLANG_CXX_LIBRARY = "libc++";
				CLANG_ENABLE_MODULES = YES;
				CLANG_ENABLE_OBJC_ARC = YES;
				CLANG_WARN_BOOL_CONVERSION = YES;
				CLANG_WARN_CONSTANT_CONVERSION = YES;
				CLANG_WARN_DIRECT_OBJC_ISA_USAGE = YES_ERROR;
				CLANG_WARN_EMPTY_BODY = YES;
				CLANG_WARN_ENUM_CONVERSION = YES;
				CLANG_WARN_INT_CONVERSION = YES;
				CLANG_WARN_OBJC_ROOT_CLASS = YES_ERROR;
				CLANG_WARN_UNREACHABLE_CODE = YES;
				CLANG_WARN__DUPLICATE_METHOD_MATCH = YES;
				"CODE_SIGN_IDENTITY[sdk=iphoneos*]" = "iPhone Developer";
				COPY_PHASE_STRIP = NO;
				ENABLE_STRICT_OBJC_MSGSEND = YES;
				GCC_C_LANGUAGE_STANDARD = gnu99;
				GCC_DYNAMIC_NO_PIC = NO;
				GCC_OPTIMIZATION_LEVEL = 0;
				GCC_PREPROCESSOR_DEFINITIONS = (
					"DEBUG=1",
					"$(inherited)",
				);
				GCC_SYMBOLS_PRIVATE_EXTERN = NO;
				GCC_WARN_64_TO_32_BIT_CONVERSION = YES;
				GCC_WARN_ABOUT_RETURN_TYPE = YES_ERROR;
				GCC_WARN_UNDECLARED_SELECTOR = YES;
				GCC_WARN_UNINITIALIZED_AUTOS = YES_AGGRESSIVE;
				GCC_WARN_UNUSED_FUNCTION = YES;
				GCC_WARN_UNUSED_VARIABLE = YES;
				IPHONEOS_DEPLOYMENT_TARGET = 8.0;
				MTL_ENABLE_DEBUG_INFO = YES;
				ONLY_ACTIVE_ARCH = YES;
				SDKROOT = iphoneos;
			};
			name = Debug;
		};
		8F040BC019EF60D30066F2F4 /* Release */ = {
			isa = XCBuildConfiguration;
			buildSettings = {
				ALWAYS_SEARCH_USER_PATHS = NO;
				CLANG_CXX_LANGUAGE_STANDARD = "gnu++0x";
				CLANG_CXX_LIBRARY = "libc++";
				CLANG_ENABLE_MODULES = YES;
				CLANG_ENABLE_OBJC_ARC = YES;
				CLANG_WARN_BOOL_CONVERSION = YES;
				CLANG_WARN_CONSTANT_CONVERSION = YES;
				CLANG_WARN_DIRECT_OBJC_ISA_USAGE = YES_ERROR;
				CLANG_WARN_EMPTY_BODY = YES;
				CLANG_WARN_ENUM_CONVERSION = YES;
				CLANG_WARN_INT_CONVERSION = YES;
				CLANG_WARN_OBJC_ROOT_CLASS = YES_ERROR;
				CLANG_WARN_UNREACHABLE_CODE = YES;
				CLANG_WARN__DUPLICATE_METHOD_MATCH = YES;
				"CODE_SIGN_IDENTITY[sdk=iphoneos*]" = "iPhone Developer";
				COPY_PHASE_STRIP = YES;
				ENABLE_NS_ASSERTIONS = NO;
				ENABLE_STRICT_OBJC_MSGSEND = YES;
				GCC_C_LANGUAGE_STANDARD = gnu99;
				GCC_WARN_64_TO_32_BIT_CONVERSION = YES;
				GCC_WARN_ABOUT_RETURN_TYPE = YES_ERROR;
				GCC_WARN_UNDECLARED_SELECTOR = YES;
				GCC_WARN_UNINITIALIZED_AUTOS = YES_AGGRESSIVE;
				GCC_WARN_UNUSED_FUNCTION = YES;
				GCC_WARN_UNUSED_VARIABLE = YES;
				IPHONEOS_DEPLOYMENT_TARGET = 8.0;
				MTL_ENABLE_DEBUG_INFO = NO;
				SDKROOT = iphoneos;
				VALIDATE_PRODUCT = YES;
			};
			name = Release;
		};
		8F040BC219EF60D30066F2F4 /* Debug */ = {
			isa = XCBuildConfiguration;
			buildSettings = {
				ASSETCATALOG_COMPILER_APPICON_NAME = AppIcon;
				CODE_SIGN_IDENTITY = "iPhone Developer";
				"CODE_SIGN_IDENTITY[sdk=iphoneos*]" = "iPhone Developer";
				FRAMEWORK_SEARCH_PATHS = (
					"$(inherited)",
					"$(PROJECT_DIR)",
					/Users/mjmayank/Documents/FacebookSDK,
					/Users/mjmayank/Documents/FacebookSDK/FBAudienceNetwork,
				);
				GCC_PREFIX_HEADER = PrefixHeader.pch;
				INFOPLIST_FILE = Groop/Info.plist;
				IPHONEOS_DEPLOYMENT_TARGET = 8.1;
				LD_RUNPATH_SEARCH_PATHS = "$(inherited) @executable_path/Frameworks";
				OTHER_LDFLAGS = "";
				PRODUCT_NAME = "$(TARGET_NAME)";
				PROVISIONING_PROFILE = "";
			};
			name = Debug;
		};
		8F040BC319EF60D30066F2F4 /* Release */ = {
			isa = XCBuildConfiguration;
			buildSettings = {
				ASSETCATALOG_COMPILER_APPICON_NAME = AppIcon;
				CODE_SIGN_IDENTITY = "iPhone Developer";
				"CODE_SIGN_IDENTITY[sdk=iphoneos*]" = "iPhone Developer";
				FRAMEWORK_SEARCH_PATHS = (
					"$(inherited)",
					"$(PROJECT_DIR)",
					/Users/mjmayank/Documents/FacebookSDK,
					/Users/mjmayank/Documents/FacebookSDK/FBAudienceNetwork,
				);
				GCC_PREFIX_HEADER = PrefixHeader.pch;
				INFOPLIST_FILE = Groop/Info.plist;
				IPHONEOS_DEPLOYMENT_TARGET = 8.1;
				LD_RUNPATH_SEARCH_PATHS = "$(inherited) @executable_path/Frameworks";
				OTHER_LDFLAGS = "";
				PRODUCT_NAME = "$(TARGET_NAME)";
				PROVISIONING_PROFILE = "";
			};
			name = Release;
		};
		8F040BC519EF60D30066F2F4 /* Debug */ = {
			isa = XCBuildConfiguration;
			buildSettings = {
				BUNDLE_LOADER = "$(TEST_HOST)";
				CODE_SIGN_ENTITLEMENTS = "";
				FRAMEWORK_SEARCH_PATHS = (
					"$(SDKROOT)/Developer/Library/Frameworks",
					"$(inherited)",
				);
				GCC_PREPROCESSOR_DEFINITIONS = (
					"DEBUG=1",
					"$(inherited)",
				);
				INFOPLIST_FILE = GroopTests/Info.plist;
				LD_RUNPATH_SEARCH_PATHS = "$(inherited) @executable_path/Frameworks @loader_path/Frameworks";
				PRODUCT_NAME = "$(TARGET_NAME)";
				TEST_HOST = "$(BUILT_PRODUCTS_DIR)/Groop.app/Groop";
			};
			name = Debug;
		};
		8F040BC619EF60D30066F2F4 /* Release */ = {
			isa = XCBuildConfiguration;
			buildSettings = {
				BUNDLE_LOADER = "$(TEST_HOST)";
				CODE_SIGN_ENTITLEMENTS = "";
				FRAMEWORK_SEARCH_PATHS = (
					"$(SDKROOT)/Developer/Library/Frameworks",
					"$(inherited)",
				);
				INFOPLIST_FILE = GroopTests/Info.plist;
				LD_RUNPATH_SEARCH_PATHS = "$(inherited) @executable_path/Frameworks @loader_path/Frameworks";
				PRODUCT_NAME = "$(TARGET_NAME)";
				TEST_HOST = "$(BUILT_PRODUCTS_DIR)/Groop.app/Groop";
			};
			name = Release;
		};
/* End XCBuildConfiguration section */

/* Begin XCConfigurationList section */
		8F040B9619EF60D20066F2F4 /* Build configuration list for PBXProject "Groop" */ = {
			isa = XCConfigurationList;
			buildConfigurations = (
				8F040BBF19EF60D30066F2F4 /* Debug */,
				8F040BC019EF60D30066F2F4 /* Release */,
			);
			defaultConfigurationIsVisible = 0;
			defaultConfigurationName = Release;
		};
		8F040BC119EF60D30066F2F4 /* Build configuration list for PBXNativeTarget "Groop" */ = {
			isa = XCConfigurationList;
			buildConfigurations = (
				8F040BC219EF60D30066F2F4 /* Debug */,
				8F040BC319EF60D30066F2F4 /* Release */,
			);
			defaultConfigurationIsVisible = 0;
			defaultConfigurationName = Release;
		};
		8F040BC419EF60D30066F2F4 /* Build configuration list for PBXNativeTarget "GroopTests" */ = {
			isa = XCConfigurationList;
			buildConfigurations = (
				8F040BC519EF60D30066F2F4 /* Debug */,
				8F040BC619EF60D30066F2F4 /* Release */,
			);
			defaultConfigurationIsVisible = 0;
			defaultConfigurationName = Release;
		};
/* End XCConfigurationList section */

/* Begin XCVersionGroup section */
		8F040BA519EF60D20066F2F4 /* Groop.xcdatamodeld */ = {
			isa = XCVersionGroup;
			children = (
				8F040BA619EF60D20066F2F4 /* Groop.xcdatamodel */,
			);
			currentVersion = 8F040BA619EF60D20066F2F4 /* Groop.xcdatamodel */;
			path = Groop.xcdatamodeld;
			sourceTree = "<group>";
			versionGroupType = wrapper.xcdatamodel;
		};
/* End XCVersionGroup section */
	};
	rootObject = 8F040B9319EF60D20066F2F4 /* Project object */;
}
